// !$*UTF8*$!
{
	archiveVersion = 1;
	classes = {
	};
	objectVersion = 46;
	objects = {

/* Begin PBXBuildFile section */
		0896B7ED1C6BE1BB00072A8D /* RatingControl.swift in Sources */ = {isa = PBXBuildFile; fileRef = 0896B7EC1C6BE1BB00072A8D /* RatingControl.swift */; };
		0896B7F71C6C027E00072A8D /* Meal.swift in Sources */ = {isa = PBXBuildFile; fileRef = 0896B7F61C6C027E00072A8D /* Meal.swift */; };
		0896B7F81C6C027E00072A8D /* Meal.swift in Sources */ = {isa = PBXBuildFile; fileRef = 0896B7F61C6C027E00072A8D /* Meal.swift */; };
		0896B7F91C6C027E00072A8D /* Meal.swift in Sources */ = {isa = PBXBuildFile; fileRef = 0896B7F61C6C027E00072A8D /* Meal.swift */; };
		0896B7FB1C6C036C00072A8D /* MealTableViewCell.swift in Sources */ = {isa = PBXBuildFile; fileRef = 0896B7FA1C6C036C00072A8D /* MealTableViewCell.swift */; };
		0896B7FC1C6C036C00072A8D /* MealTableViewCell.swift in Sources */ = {isa = PBXBuildFile; fileRef = 0896B7FA1C6C036C00072A8D /* MealTableViewCell.swift */; };
		0896B7FD1C6C036C00072A8D /* MealTableViewCell.swift in Sources */ = {isa = PBXBuildFile; fileRef = 0896B7FA1C6C036C00072A8D /* MealTableViewCell.swift */; };
		0896B7FF1C6C1E9E00072A8D /* MealTableViewController.swift in Sources */ = {isa = PBXBuildFile; fileRef = 0896B7FE1C6C1E9E00072A8D /* MealTableViewController.swift */; };
		0896B8001C6C1E9E00072A8D /* MealTableViewController.swift in Sources */ = {isa = PBXBuildFile; fileRef = 0896B7FE1C6C1E9E00072A8D /* MealTableViewController.swift */; };
		0896B8011C6C1E9E00072A8D /* MealTableViewController.swift in Sources */ = {isa = PBXBuildFile; fileRef = 0896B7FE1C6C1E9E00072A8D /* MealTableViewController.swift */; };
		08B22E891C6ABB0A00186879 /* AppDelegate.swift in Sources */ = {isa = PBXBuildFile; fileRef = 08B22E881C6ABB0A00186879 /* AppDelegate.swift */; };
		08B22E8B1C6ABB0A00186879 /* MealViewController.swift in Sources */ = {isa = PBXBuildFile; fileRef = 08B22E8A1C6ABB0A00186879 /* MealViewController.swift */; };
		08B22E8E1C6ABB0A00186879 /* Main.storyboard in Resources */ = {isa = PBXBuildFile; fileRef = 08B22E8C1C6ABB0A00186879 /* Main.storyboard */; };
		08B22E901C6ABB0A00186879 /* Assets.xcassets in Resources */ = {isa = PBXBuildFile; fileRef = 08B22E8F1C6ABB0A00186879 /* Assets.xcassets */; };
		08B22E931C6ABB0A00186879 /* LaunchScreen.storyboard in Resources */ = {isa = PBXBuildFile; fileRef = 08B22E911C6ABB0A00186879 /* LaunchScreen.storyboard */; };
		08B22E9E1C6ABB0A00186879 /* FoodTrackerTests.swift in Sources */ = {isa = PBXBuildFile; fileRef = 08B22E9D1C6ABB0A00186879 /* FoodTrackerTests.swift */; };
		08B22EA91C6ABB0A00186879 /* FoodTrackerUITests.swift in Sources */ = {isa = PBXBuildFile; fileRef = 08B22EA81C6ABB0A00186879 /* FoodTrackerUITests.swift */; };
/* End PBXBuildFile section */

/* Begin PBXContainerItemProxy section */
		08B22E9A1C6ABB0A00186879 /* PBXContainerItemProxy */ = {
			isa = PBXContainerItemProxy;
			containerPortal = 08B22E7D1C6ABB0A00186879 /* Project object */;
			proxyType = 1;
			remoteGlobalIDString = 08B22E841C6ABB0A00186879;
			remoteInfo = FoodTracker;
		};
		08B22EA51C6ABB0A00186879 /* PBXContainerItemProxy */ = {
			isa = PBXContainerItemProxy;
			containerPortal = 08B22E7D1C6ABB0A00186879 /* Project object */;
			proxyType = 1;
			remoteGlobalIDString = 08B22E841C6ABB0A00186879;
			remoteInfo = FoodTracker;
		};
/* End PBXContainerItemProxy section */

/* Begin PBXFileReference section */
		0896B7EC1C6BE1BB00072A8D /* RatingControl.swift */ = {isa = PBXFileReference; fileEncoding = 4; lastKnownFileType = sourcecode.swift; path = RatingControl.swift; sourceTree = "<group>"; };
		0896B7F61C6C027E00072A8D /* Meal.swift */ = {isa = PBXFileReference; fileEncoding = 4; lastKnownFileType = sourcecode.swift; path = Meal.swift; sourceTree = "<group>"; };
		0896B7FA1C6C036C00072A8D /* MealTableViewCell.swift */ = {isa = PBXFileReference; fileEncoding = 4; lastKnownFileType = sourcecode.swift; path = MealTableViewCell.swift; sourceTree = "<group>"; };
		0896B7FE1C6C1E9E00072A8D /* MealTableViewController.swift */ = {isa = PBXFileReference; fileEncoding = 4; lastKnownFileType = sourcecode.swift; path = MealTableViewController.swift; sourceTree = "<group>"; };
		08B22E851C6ABB0A00186879 /* FoodTracker.app */ = {isa = PBXFileReference; explicitFileType = wrapper.application; includeInIndex = 0; path = FoodTracker.app; sourceTree = BUILT_PRODUCTS_DIR; };
		08B22E881C6ABB0A00186879 /* AppDelegate.swift */ = {isa = PBXFileReference; lastKnownFileType = sourcecode.swift; path = AppDelegate.swift; sourceTree = "<group>"; };
		08B22E8A1C6ABB0A00186879 /* MealViewController.swift */ = {isa = PBXFileReference; lastKnownFileType = sourcecode.swift; path = MealViewController.swift; sourceTree = "<group>"; };
		08B22E8D1C6ABB0A00186879 /* Base */ = {isa = PBXFileReference; lastKnownFileType = file.storyboard; name = Base; path = Base.lproj/Main.storyboard; sourceTree = "<group>"; };
		08B22E8F1C6ABB0A00186879 /* Assets.xcassets */ = {isa = PBXFileReference; lastKnownFileType = folder.assetcatalog; path = Assets.xcassets; sourceTree = "<group>"; };
		08B22E921C6ABB0A00186879 /* Base */ = {isa = PBXFileReference; lastKnownFileType = file.storyboard; name = Base; path = Base.lproj/LaunchScreen.storyboard; sourceTree = "<group>"; };
		08B22E941C6ABB0A00186879 /* Info.plist */ = {isa = PBXFileReference; lastKnownFileType = text.plist.xml; path = Info.plist; sourceTree = "<group>"; };
		08B22E991C6ABB0A00186879 /* FoodTrackerTests.xctest */ = {isa = PBXFileReference; explicitFileType = wrapper.cfbundle; includeInIndex = 0; path = FoodTrackerTests.xctest; sourceTree = BUILT_PRODUCTS_DIR; };
		08B22E9D1C6ABB0A00186879 /* FoodTrackerTests.swift */ = {isa = PBXFileReference; lastKnownFileType = sourcecode.swift; path = FoodTrackerTests.swift; sourceTree = "<group>"; };
		08B22E9F1C6ABB0A00186879 /* Info.plist */ = {isa = PBXFileReference; lastKnownFileType = text.plist.xml; path = Info.plist; sourceTree = "<group>"; };
		08B22EA41C6ABB0A00186879 /* FoodTrackerUITests.xctest */ = {isa = PBXFileReference; explicitFileType = wrapper.cfbundle; includeInIndex = 0; path = FoodTrackerUITests.xctest; sourceTree = BUILT_PRODUCTS_DIR; };
		08B22EA81C6ABB0A00186879 /* FoodTrackerUITests.swift */ = {isa = PBXFileReference; lastKnownFileType = sourcecode.swift; path = FoodTrackerUITests.swift; sourceTree = "<group>"; };
		08B22EAA1C6ABB0A00186879 /* Info.plist */ = {isa = PBXFileReference; lastKnownFileType = text.plist.xml; path = Info.plist; sourceTree = "<group>"; };
/* End PBXFileReference section */

/* Begin PBXFrameworksBuildPhase section */
		08B22E821C6ABB0A00186879 /* Frameworks */ = {
			isa = PBXFrameworksBuildPhase;
			buildActionMask = 2147483647;
			files = (
			);
			runOnlyForDeploymentPostprocessing = 0;
		};
		08B22E961C6ABB0A00186879 /* Frameworks */ = {
			isa = PBXFrameworksBuildPhase;
			buildActionMask = 2147483647;
			files = (
			);
			runOnlyForDeploymentPostprocessing = 0;
		};
		08B22EA11C6ABB0A00186879 /* Frameworks */ = {
			isa = PBXFrameworksBuildPhase;
			buildActionMask = 2147483647;
			files = (
			);
			runOnlyForDeploymentPostprocessing = 0;
		};
/* End PBXFrameworksBuildPhase section */

/* Begin PBXGroup section */
		08B22E7C1C6ABB0A00186879 = {
			isa = PBXGroup;
			children = (
				08B22E871C6ABB0A00186879 /* FoodTracker */,
				08B22E9C1C6ABB0A00186879 /* FoodTrackerTests */,
				08B22EA71C6ABB0A00186879 /* FoodTrackerUITests */,
				08B22E861C6ABB0A00186879 /* Products */,
			);
			sourceTree = "<group>";
		};
		08B22E861C6ABB0A00186879 /* Products */ = {
			isa = PBXGroup;
			children = (
				08B22E851C6ABB0A00186879 /* FoodTracker.app */,
				08B22E991C6ABB0A00186879 /* FoodTrackerTests.xctest */,
				08B22EA41C6ABB0A00186879 /* FoodTrackerUITests.xctest */,
			);
			name = Products;
			sourceTree = "<group>";
		};
		08B22E871C6ABB0A00186879 /* FoodTracker */ = {
			isa = PBXGroup;
			children = (
				08B22E881C6ABB0A00186879 /* AppDelegate.swift */,
				08B22E8A1C6ABB0A00186879 /* MealViewController.swift */,
				0896B7EC1C6BE1BB00072A8D /* RatingControl.swift */,
				08B22E8C1C6ABB0A00186879 /* Main.storyboard */,
				0896B7F61C6C027E00072A8D /* Meal.swift */,
				0896B7FA1C6C036C00072A8D /* MealTableViewCell.swift */,
				0896B7FE1C6C1E9E00072A8D /* MealTableViewController.swift */,
				08B22E8F1C6ABB0A00186879 /* Assets.xcassets */,
				08B22E911C6ABB0A00186879 /* LaunchScreen.storyboard */,
				08B22E941C6ABB0A00186879 /* Info.plist */,
			);
			path = FoodTracker;
			sourceTree = "<group>";
		};
		08B22E9C1C6ABB0A00186879 /* FoodTrackerTests */ = {
			isa = PBXGroup;
			children = (
				08B22E9D1C6ABB0A00186879 /* FoodTrackerTests.swift */,
				08B22E9F1C6ABB0A00186879 /* Info.plist */,
			);
			path = FoodTrackerTests;
			sourceTree = "<group>";
		};
		08B22EA71C6ABB0A00186879 /* FoodTrackerUITests */ = {
			isa = PBXGroup;
			children = (
				08B22EA81C6ABB0A00186879 /* FoodTrackerUITests.swift */,
				08B22EAA1C6ABB0A00186879 /* Info.plist */,
			);
			path = FoodTrackerUITests;
			sourceTree = "<group>";
		};
/* End PBXGroup section */

/* Begin PBXNativeTarget section */
		08B22E841C6ABB0A00186879 /* FoodTracker */ = {
			isa = PBXNativeTarget;
			buildConfigurationList = 08B22EAD1C6ABB0A00186879 /* Build configuration list for PBXNativeTarget "FoodTracker" */;
			buildPhases = (
				08B22E811C6ABB0A00186879 /* Sources */,
				08B22E821C6ABB0A00186879 /* Frameworks */,
				08B22E831C6ABB0A00186879 /* Resources */,
			);
			buildRules = (
			);
			dependencies = (
			);
			name = FoodTracker;
			productName = FoodTracker;
			productReference = 08B22E851C6ABB0A00186879 /* FoodTracker.app */;
			productType = "com.apple.product-type.application";
		};
		08B22E981C6ABB0A00186879 /* FoodTrackerTests */ = {
			isa = PBXNativeTarget;
			buildConfigurationList = 08B22EB01C6ABB0A00186879 /* Build configuration list for PBXNativeTarget "FoodTrackerTests" */;
			buildPhases = (
				08B22E951C6ABB0A00186879 /* Sources */,
				08B22E961C6ABB0A00186879 /* Frameworks */,
				08B22E971C6ABB0A00186879 /* Resources */,
			);
			buildRules = (
			);
			dependencies = (
				08B22E9B1C6ABB0A00186879 /* PBXTargetDependency */,
			);
			name = FoodTrackerTests;
			productName = FoodTrackerTests;
			productReference = 08B22E991C6ABB0A00186879 /* FoodTrackerTests.xctest */;
			productType = "com.apple.product-type.bundle.unit-test";
		};
		08B22EA31C6ABB0A00186879 /* FoodTrackerUITests */ = {
			isa = PBXNativeTarget;
			buildConfigurationList = 08B22EB31C6ABB0A00186879 /* Build configuration list for PBXNativeTarget "FoodTrackerUITests" */;
			buildPhases = (
				08B22EA01C6ABB0A00186879 /* Sources */,
				08B22EA11C6ABB0A00186879 /* Frameworks */,
				08B22EA21C6ABB0A00186879 /* Resources */,
			);
			buildRules = (
			);
			dependencies = (
				08B22EA61C6ABB0A00186879 /* PBXTargetDependency */,
			);
			name = FoodTrackerUITests;
			productName = FoodTrackerUITests;
			productReference = 08B22EA41C6ABB0A00186879 /* FoodTrackerUITests.xctest */;
			productType = "com.apple.product-type.bundle.ui-testing";
		};
/* End PBXNativeTarget section */

/* Begin PBXProject section */
		08B22E7D1C6ABB0A00186879 /* Project object */ = {
			isa = PBXProject;
			attributes = {
				LastSwiftUpdateCheck = 0720;
				LastUpgradeCheck = 0720;
				ORGANIZATIONNAME = Test;
				TargetAttributes = {
					08B22E841C6ABB0A00186879 = {
						CreatedOnToolsVersion = 7.2.1;
					};
					08B22E981C6ABB0A00186879 = {
						CreatedOnToolsVersion = 7.2.1;
						TestTargetID = 08B22E841C6ABB0A00186879;
					};
					08B22EA31C6ABB0A00186879 = {
						CreatedOnToolsVersion = 7.2.1;
						TestTargetID = 08B22E841C6ABB0A00186879;
					};
				};
			};
			buildConfigurationList = 08B22E801C6ABB0A00186879 /* Build configuration list for PBXProject "FoodTracker" */;
			compatibilityVersion = "Xcode 3.2";
			developmentRegion = English;
			hasScannedForEncodings = 0;
			knownRegions = (
				en,
				Base,
			);
			mainGroup = 08B22E7C1C6ABB0A00186879;
			productRefGroup = 08B22E861C6ABB0A00186879 /* Products */;
			projectDirPath = "";
			projectRoot = "";
			targets = (
				08B22E841C6ABB0A00186879 /* FoodTracker */,
				08B22E981C6ABB0A00186879 /* FoodTrackerTests */,
				08B22EA31C6ABB0A00186879 /* FoodTrackerUITests */,
			);
		};
/* End PBXProject section */

/* Begin PBXResourcesBuildPhase section */
		08B22E831C6ABB0A00186879 /* Resources */ = {
			isa = PBXResourcesBuildPhase;
			buildActionMask = 2147483647;
			files = (
				08B22E931C6ABB0A00186879 /* LaunchScreen.storyboard in Resources */,
				08B22E901C6ABB0A00186879 /* Assets.xcassets in Resources */,
				08B22E8E1C6ABB0A00186879 /* Main.storyboard in Resources */,
			);
			runOnlyForDeploymentPostprocessing = 0;
		};
		08B22E971C6ABB0A00186879 /* Resources */ = {
			isa = PBXResourcesBuildPhase;
			buildActionMask = 2147483647;
			files = (
			);
			runOnlyForDeploymentPostprocessing = 0;
		};
		08B22EA21C6ABB0A00186879 /* Resources */ = {
			isa = PBXResourcesBuildPhase;
			buildActionMask = 2147483647;
			files = (
			);
			runOnlyForDeploymentPostprocessing = 0;
		};
/* End PBXResourcesBuildPhase section */

/* Begin PBXSourcesBuildPhase section */
		08B22E811C6ABB0A00186879 /* Sources */ = {
			isa = PBXSourcesBuildPhase;
			buildActionMask = 2147483647;
			files = (
				0896B7F71C6C027E00072A8D /* Meal.swift in Sources */,
				08B22E8B1C6ABB0A00186879 /* MealViewController.swift in Sources */,
				0896B7ED1C6BE1BB00072A8D /* RatingControl.swift in Sources */,
				08B22E891C6ABB0A00186879 /* AppDelegate.swift in Sources */,
				0896B7FF1C6C1E9E00072A8D /* MealTableViewController.swift in Sources */,
				0896B7FB1C6C036C00072A8D /* MealTableViewCell.swift in Sources */,
			);
			runOnlyForDeploymentPostprocessing = 0;
		};
		08B22E951C6ABB0A00186879 /* Sources */ = {
			isa = PBXSourcesBuildPhase;
			buildActionMask = 2147483647;
			files = (
				0896B7F81C6C027E00072A8D /* Meal.swift in Sources */,
				08B22E9E1C6ABB0A00186879 /* FoodTrackerTests.swift in Sources */,
				0896B8001C6C1E9E00072A8D /* MealTableViewController.swift in Sources */,
				0896B7FC1C6C036C00072A8D /* MealTableViewCell.swift in Sources */,
			);
			runOnlyForDeploymentPostprocessing = 0;
		};
		08B22EA01C6ABB0A00186879 /* Sources */ = {
			isa = PBXSourcesBuildPhase;
			buildActionMask = 2147483647;
			files = (
				0896B7F91C6C027E00072A8D /* Meal.swift in Sources */,
				08B22EA91C6ABB0A00186879 /* FoodTrackerUITests.swift in Sources */,
				0896B8011C6C1E9E00072A8D /* MealTableViewController.swift in Sources */,
				0896B7FD1C6C036C00072A8D /* MealTableViewCell.swift in Sources */,
			);
			runOnlyForDeploymentPostprocessing = 0;
		};
/* End PBXSourcesBuildPhase section */

/* Begin PBXTargetDependency section */
		08B22E9B1C6ABB0A00186879 /* PBXTargetDependency */ = {
			isa = PBXTargetDependency;
			target = 08B22E841C6ABB0A00186879 /* FoodTracker */;
			targetProxy = 08B22E9A1C6ABB0A00186879 /* PBXContainerItemProxy */;
		};
		08B22EA61C6ABB0A00186879 /* PBXTargetDependency */ = {
			isa = PBXTargetDependency;
			target = 08B22E841C6ABB0A00186879 /* FoodTracker */;
			targetProxy = 08B22EA51C6ABB0A00186879 /* PBXContainerItemProxy */;
		};
/* End PBXTargetDependency section */

/* Begin PBXVariantGroup section */
		08B22E8C1C6ABB0A00186879 /* Main.storyboard */ = {
			isa = PBXVariantGroup;
			children = (
				08B22E8D1C6ABB0A00186879 /* Base */,
			);
			name = Main.storyboard;
			sourceTree = "<group>";
		};
		08B22E911C6ABB0A00186879 /* LaunchScreen.storyboard */ = {
			isa = PBXVariantGroup;
			children = (
				08B22E921C6ABB0A00186879 /* Base */,
			);
			name = LaunchScreen.storyboard;
			sourceTree = "<group>";
		};
/* End PBXVariantGroup section */

/* Begin XCBuildConfiguration section */
		08B22EAB1C6ABB0A00186879 /* Debug */ = {
			isa = XCBuildConfiguration;
			buildSettings = {
				ALWAYS_SEARCH_USER_PATHS = NO;
				CLANG_CXX_LANGUAGE_STANDARD = "gnu++0x";
				CLANG_CXX_LIBRARY = "libc++";
				CLANG_ENABLE_MODULES = YES;
				CLANG_ENABLE_OBJC_ARC = YES;
				CLANG_WARN_BOOL_CONVERSION = YES;
				CLANG_WARN_CONSTANT_CONVERSION = YES;
				CLANG_WARN_DIRECT_OBJC_ISA_USAGE = YES_ERROR;
				CLANG_WARN_EMPTY_BODY = YES;
				CLANG_WARN_ENUM_CONVERSION = YES;
				CLANG_WARN_INT_CONVERSION = YES;
				CLANG_WARN_OBJC_ROOT_CLASS = YES_ERROR;
				CLANG_WARN_UNREACHABLE_CODE = YES;
				CLANG_WARN__DUPLICATE_METHOD_MATCH = YES;
				"CODE_SIGN_IDENTITY[sdk=iphoneos*]" = "iPhone Developer";
				COPY_PHASE_STRIP = NO;
				DEBUG_INFORMATION_FORMAT = dwarf;
				ENABLE_STRICT_OBJC_MSGSEND = YES;
				ENABLE_TESTABILITY = YES;
				GCC_C_LANGUAGE_STANDARD = gnu99;
				GCC_DYNAMIC_NO_PIC = NO;
				GCC_NO_COMMON_BLOCKS = YES;
				GCC_OPTIMIZATION_LEVEL = 0;
				GCC_PREPROCESSOR_DEFINITIONS = (
					"DEBUG=1",
					"$(inherited)",
				);
				GCC_WARN_64_TO_32_BIT_CONVERSION = YES;
				GCC_WARN_ABOUT_RETURN_TYPE = YES_ERROR;
				GCC_WARN_UNDECLARED_SELECTOR = YES;
				GCC_WARN_UNINITIALIZED_AUTOS = YES_AGGRESSIVE;
				GCC_WARN_UNUSED_FUNCTION = YES;
				GCC_WARN_UNUSED_VARIABLE = YES;
				IPHONEOS_DEPLOYMENT_TARGET = 9.2;
				MTL_ENABLE_DEBUG_INFO = YES;
				ONLY_ACTIVE_ARCH = YES;
				SDKROOT = iphoneos;
				SWIFT_OPTIMIZATION_LEVEL = "-Onone";
				TARGETED_DEVICE_FAMILY = "1,2";
			};
			name = Debug;
		};
		08B22EAC1C6ABB0A00186879 /* Release */ = {
			isa = XCBuildConfiguration;
			buildSettings = {
				ALWAYS_SEARCH_USER_PATHS = NO;
				CLANG_CXX_LANGUAGE_STANDARD = "gnu++0x";
				CLANG_CXX_LIBRARY = "libc++";
				CLANG_ENABLE_MODULES = YES;
				CLANG_ENABLE_OBJC_ARC = YES;
				CLANG_WARN_BOOL_CONVERSION = YES;
				CLANG_WARN_CONSTANT_CONVERSION = YES;
				CLANG_WARN_DIRECT_OBJC_ISA_USAGE = YES_ERROR;
				CLANG_WARN_EMPTY_BODY = YES;
				CLANG_WARN_ENUM_CONVERSION = YES;
				CLANG_WARN_INT_CONVERSION = YES;
				CLANG_WARN_OBJC_ROOT_CLASS = YES_ERROR;
				CLANG_WARN_UNREACHABLE_CODE = YES;
				CLANG_WARN__DUPLICATE_METHOD_MATCH = YES;
				"CODE_SIGN_IDENTITY[sdk=iphoneos*]" = "iPhone Developer";
				COPY_PHASE_STRIP = NO;
				DEBUG_INFORMATION_FORMAT = "dwarf-with-dsym";
				ENABLE_NS_ASSERTIONS = NO;
				ENABLE_STRICT_OBJC_MSGSEND = YES;
				GCC_C_LANGUAGE_STANDARD = gnu99;
				GCC_NO_COMMON_BLOCKS = YES;
				GCC_WARN_64_TO_32_BIT_CONVERSION = YES;
				GCC_WARN_ABOUT_RETURN_TYPE = YES_ERROR;
				GCC_WARN_UNDECLARED_SELECTOR = YES;
				GCC_WARN_UNINITIALIZED_AUTOS = YES_AGGRESSIVE;
				GCC_WARN_UNUSED_FUNCTION = YES;
				GCC_WARN_UNUSED_VARIABLE = YES;
				IPHONEOS_DEPLOYMENT_TARGET = 9.2;
				MTL_ENABLE_DEBUG_INFO = NO;
				SDKROOT = iphoneos;
				TARGETED_DEVICE_FAMILY = "1,2";
				VALIDATE_PRODUCT = YES;
			};
			name = Release;
		};
		08B22EAE1C6ABB0A00186879 /* Debug */ = {
			isa = XCBuildConfiguration;
			buildSettings = {
				ASSETCATALOG_COMPILER_APPICON_NAME = AppIcon;
				INFOPLIST_FILE = FoodTracker/Info.plist;
				LD_RUNPATH_SEARCH_PATHS = "$(inherited) @executable_path/Frameworks";
				PRODUCT_BUNDLE_IDENTIFIER = test.FoodTracker;
				PRODUCT_NAME = "$(TARGET_NAME)";
			};
			name = Debug;
		};
		08B22EAF1C6ABB0A00186879 /* Release */ = {
			isa = XCBuildConfiguration;
			buildSettings = {
				ASSETCATALOG_COMPILER_APPICON_NAME = AppIcon;
				INFOPLIST_FILE = FoodTracker/Info.plist;
				LD_RUNPATH_SEARCH_PATHS = "$(inherited) @executable_path/Frameworks";
				PRODUCT_BUNDLE_IDENTIFIER = test.FoodTracker;
				PRODUCT_NAME = "$(TARGET_NAME)";
			};
			name = Release;
		};
		08B22EB11C6ABB0A00186879 /* Debug */ = {
			isa = XCBuildConfiguration;
			buildSettings = {
				BUNDLE_LOADER = "$(TEST_HOST)";
				INFOPLIST_FILE = FoodTrackerTests/Info.plist;
				LD_RUNPATH_SEARCH_PATHS = "$(inherited) @executable_path/Frameworks @loader_path/Frameworks";
				PRODUCT_BUNDLE_IDENTIFIER = test.FoodTrackerTests;
				PRODUCT_NAME = "$(TARGET_NAME)";
				TEST_HOST = "$(BUILT_PRODUCTS_DIR)/FoodTracker.app/FoodTracker";
			};
			name = Debug;
		};
		08B22EB21C6ABB0A00186879 /* Release */ = {
			isa = XCBuildConfiguration;
			buildSettings = {
				BUNDLE_LOADER = "$(TEST_HOST)";
				INFOPLIST_FILE = FoodTrackerTests/Info.plist;
				LD_RUNPATH_SEARCH_PATHS = "$(inherited) @executable_path/Frameworks @loader_path/Frameworks";
				PRODUCT_BUNDLE_IDENTIFIER = test.FoodTrackerTests;
				PRODUCT_NAME = "$(TARGET_NAME)";
				TEST_HOST = "$(BUILT_PRODUCTS_DIR)/FoodTracker.app/FoodTracker";
			};
			name = Release;
		};
		08B22EB41C6ABB0A00186879 /* Debug */ = {
			isa = XCBuildConfiguration;
			buildSettings = {
				INFOPLIST_FILE = FoodTrackerUITests/Info.plist;
				LD_RUNPATH_SEARCH_PATHS = "$(inherited) @executable_path/Frameworks @loader_path/Frameworks";
				PRODUCT_BUNDLE_IDENTIFIER = test.FoodTrackerUITests;
				PRODUCT_NAME = "$(TARGET_NAME)";
				TEST_TARGET_NAME = FoodTracker;
				USES_XCTRUNNER = YES;
			};
			name = Debug;
		};
		08B22EB51C6ABB0A00186879 /* Release */ = {
			isa = XCBuildConfiguration;
			buildSettings = {
				INFOPLIST_FILE = FoodTrackerUITests/Info.plist;
				LD_RUNPATH_SEARCH_PATHS = "$(inherited) @executable_path/Frameworks @loader_path/Frameworks";
				PRODUCT_BUNDLE_IDENTIFIER = test.FoodTrackerUITests;
				PRODUCT_NAME = "$(TARGET_NAME)";
				TEST_TARGET_NAME = FoodTracker;
				USES_XCTRUNNER = YES;
			};
			name = Release;
		};
/* End XCBuildConfiguration section */

/* Begin XCConfigurationList section */
		08B22E801C6ABB0A00186879 /* Build configuration list for PBXProject "FoodTracker" */ = {
			isa = XCConfigurationList;
			buildConfigurations = (
				08B22EAB1C6ABB0A00186879 /* Debug */,
				08B22EAC1C6ABB0A00186879 /* Release */,
			);
			defaultConfigurationIsVisible = 0;
			defaultConfigurationName = Release;
		};
		08B22EAD1C6ABB0A00186879 /* Build configuration list for PBXNativeTarget "FoodTracker" */ = {
			isa = XCConfigurationList;
			buildConfigurations = (
				08B22EAE1C6ABB0A00186879 /* Debug */,
				08B22EAF1C6ABB0A00186879 /* Release */,
			);
			defaultConfigurationIsVisible = 0;
			defaultConfigurationName = Release;
		};
		08B22EB01C6ABB0A00186879 /* Build configuration list for PBXNativeTarget "FoodTrackerTests" */ = {
			isa = XCConfigurationList;
			buildConfigurations = (
				08B22EB11C6ABB0A00186879 /* Debug */,
				08B22EB21C6ABB0A00186879 /* Release */,
			);
			defaultConfigurationIsVisible = 0;
			defaultConfigurationName = Release;
		};
		08B22EB31C6ABB0A00186879 /* Build configuration list for PBXNativeTarget "FoodTrackerUITests" */ = {
			isa = XCConfigurationList;
			buildConfigurations = (
				08B22EB41C6ABB0A00186879 /* Debug */,
				08B22EB51C6ABB0A00186879 /* Release */,
			);
			defaultConfigurationIsVisible = 0;
			defaultConfigurationName = Release;
		};
/* End XCConfigurationList section */
	};
	rootObject = 08B22E7D1C6ABB0A00186879 /* Project object */;
}
