// !$*UTF8*$!
{
	archiveVersion = 1;
	classes = {
	};
	objectVersion = 46;
	objects = {

/* Begin PBXBuildFile section */
		083C88F51C875B7600E8946F /* AppDelegate.swift in Sources */ = {isa = PBXBuildFile; fileRef = 083C88F41C875B7600E8946F /* AppDelegate.swift */; };
		083C88F71C875B7600E8946F /* ViewController.swift in Sources */ = {isa = PBXBuildFile; fileRef = 083C88F61C875B7600E8946F /* ViewController.swift */; };
		083C88FA1C875B7600E8946F /* Main.storyboard in Resources */ = {isa = PBXBuildFile; fileRef = 083C88F81C875B7600E8946F /* Main.storyboard */; };
		083C88FC1C875B7600E8946F /* Assets.xcassets in Resources */ = {isa = PBXBuildFile; fileRef = 083C88FB1C875B7600E8946F /* Assets.xcassets */; };
		083C88FF1C875B7600E8946F /* LaunchScreen.storyboard in Resources */ = {isa = PBXBuildFile; fileRef = 083C88FD1C875B7600E8946F /* LaunchScreen.storyboard */; };
		083C890A1C875B7600E8946F /* guessingGameTests.swift in Sources */ = {isa = PBXBuildFile; fileRef = 083C89091C875B7600E8946F /* guessingGameTests.swift */; };
		083C89151C875B7600E8946F /* guessingGameUITests.swift in Sources */ = {isa = PBXBuildFile; fileRef = 083C89141C875B7600E8946F /* guessingGameUITests.swift */; };
/* End PBXBuildFile section */

/* Begin PBXContainerItemProxy section */
		083C89061C875B7600E8946F /* PBXContainerItemProxy */ = {
			isa = PBXContainerItemProxy;
			containerPortal = 083C88E91C875B7600E8946F /* Project object */;
			proxyType = 1;
			remoteGlobalIDString = 083C88F01C875B7600E8946F;
			remoteInfo = guessingGame;
		};
		083C89111C875B7600E8946F /* PBXContainerItemProxy */ = {
			isa = PBXContainerItemProxy;
			containerPortal = 083C88E91C875B7600E8946F /* Project object */;
			proxyType = 1;
			remoteGlobalIDString = 083C88F01C875B7600E8946F;
			remoteInfo = guessingGame;
		};
/* End PBXContainerItemProxy section */

/* Begin PBXFileReference section */
		083C88F11C875B7600E8946F /* guessingGame.app */ = {isa = PBXFileReference; explicitFileType = wrapper.application; includeInIndex = 0; path = guessingGame.app; sourceTree = BUILT_PRODUCTS_DIR; };
		083C88F41C875B7600E8946F /* AppDelegate.swift */ = {isa = PBXFileReference; lastKnownFileType = sourcecode.swift; path = AppDelegate.swift; sourceTree = "<group>"; };
		083C88F61C875B7600E8946F /* ViewController.swift */ = {isa = PBXFileReference; lastKnownFileType = sourcecode.swift; path = ViewController.swift; sourceTree = "<group>"; };
		083C88F91C875B7600E8946F /* Base */ = {isa = PBXFileReference; lastKnownFileType = file.storyboard; name = Base; path = Base.lproj/Main.storyboard; sourceTree = "<group>"; };
		083C88FB1C875B7600E8946F /* Assets.xcassets */ = {isa = PBXFileReference; lastKnownFileType = folder.assetcatalog; path = Assets.xcassets; sourceTree = "<group>"; };
		083C88FE1C875B7600E8946F /* Base */ = {isa = PBXFileReference; lastKnownFileType = file.storyboard; name = Base; path = Base.lproj/LaunchScreen.storyboard; sourceTree = "<group>"; };
		083C89001C875B7600E8946F /* Info.plist */ = {isa = PBXFileReference; lastKnownFileType = text.plist.xml; path = Info.plist; sourceTree = "<group>"; };
		083C89051C875B7600E8946F /* guessingGameTests.xctest */ = {isa = PBXFileReference; explicitFileType = wrapper.cfbundle; includeInIndex = 0; path = guessingGameTests.xctest; sourceTree = BUILT_PRODUCTS_DIR; };
		083C89091C875B7600E8946F /* guessingGameTests.swift */ = {isa = PBXFileReference; lastKnownFileType = sourcecode.swift; path = guessingGameTests.swift; sourceTree = "<group>"; };
		083C890B1C875B7600E8946F /* Info.plist */ = {isa = PBXFileReference; lastKnownFileType = text.plist.xml; path = Info.plist; sourceTree = "<group>"; };
		083C89101C875B7600E8946F /* guessingGameUITests.xctest */ = {isa = PBXFileReference; explicitFileType = wrapper.cfbundle; includeInIndex = 0; path = guessingGameUITests.xctest; sourceTree = BUILT_PRODUCTS_DIR; };
		083C89141C875B7600E8946F /* guessingGameUITests.swift */ = {isa = PBXFileReference; lastKnownFileType = sourcecode.swift; path = guessingGameUITests.swift; sourceTree = "<group>"; };
		083C89161C875B7600E8946F /* Info.plist */ = {isa = PBXFileReference; lastKnownFileType = text.plist.xml; path = Info.plist; sourceTree = "<group>"; };
/* End PBXFileReference section */

/* Begin PBXFrameworksBuildPhase section */
		083C88EE1C875B7600E8946F /* Frameworks */ = {
			isa = PBXFrameworksBuildPhase;
			buildActionMask = 2147483647;
			files = (
			);
			runOnlyForDeploymentPostprocessing = 0;
		};
		083C89021C875B7600E8946F /* Frameworks */ = {
			isa = PBXFrameworksBuildPhase;
			buildActionMask = 2147483647;
			files = (
			);
			runOnlyForDeploymentPostprocessing = 0;
		};
		083C890D1C875B7600E8946F /* Frameworks */ = {
			isa = PBXFrameworksBuildPhase;
			buildActionMask = 2147483647;
			files = (
			);
			runOnlyForDeploymentPostprocessing = 0;
		};
/* End PBXFrameworksBuildPhase section */

/* Begin PBXGroup section */
		083C88E81C875B7600E8946F = {
			isa = PBXGroup;
			children = (
				083C88F31C875B7600E8946F /* guessingGame */,
				083C89081C875B7600E8946F /* guessingGameTests */,
				083C89131C875B7600E8946F /* guessingGameUITests */,
				083C88F21C875B7600E8946F /* Products */,
			);
			sourceTree = "<group>";
		};
		083C88F21C875B7600E8946F /* Products */ = {
			isa = PBXGroup;
			children = (
				083C88F11C875B7600E8946F /* guessingGame.app */,
				083C89051C875B7600E8946F /* guessingGameTests.xctest */,
				083C89101C875B7600E8946F /* guessingGameUITests.xctest */,
			);
			name = Products;
			sourceTree = "<group>";
		};
		083C88F31C875B7600E8946F /* guessingGame */ = {
			isa = PBXGroup;
			children = (
				083C88F41C875B7600E8946F /* AppDelegate.swift */,
				083C88F61C875B7600E8946F /* ViewController.swift */,
				083C88F81C875B7600E8946F /* Main.storyboard */,
				083C88FB1C875B7600E8946F /* Assets.xcassets */,
				083C88FD1C875B7600E8946F /* LaunchScreen.storyboard */,
				083C89001C875B7600E8946F /* Info.plist */,
			);
			path = guessingGame;
			sourceTree = "<group>";
		};
		083C89081C875B7600E8946F /* guessingGameTests */ = {
			isa = PBXGroup;
			children = (
				083C89091C875B7600E8946F /* guessingGameTests.swift */,
				083C890B1C875B7600E8946F /* Info.plist */,
			);
			path = guessingGameTests;
			sourceTree = "<group>";
		};
		083C89131C875B7600E8946F /* guessingGameUITests */ = {
			isa = PBXGroup;
			children = (
				083C89141C875B7600E8946F /* guessingGameUITests.swift */,
				083C89161C875B7600E8946F /* Info.plist */,
			);
			path = guessingGameUITests;
			sourceTree = "<group>";
		};
/* End PBXGroup section */

/* Begin PBXNativeTarget section */
		083C88F01C875B7600E8946F /* guessingGame */ = {
			isa = PBXNativeTarget;
			buildConfigurationList = 083C89191C875B7600E8946F /* Build configuration list for PBXNativeTarget "guessingGame" */;
			buildPhases = (
				083C88ED1C875B7600E8946F /* Sources */,
				083C88EE1C875B7600E8946F /* Frameworks */,
				083C88EF1C875B7600E8946F /* Resources */,
			);
			buildRules = (
			);
			dependencies = (
			);
			name = guessingGame;
			productName = guessingGame;
			productReference = 083C88F11C875B7600E8946F /* guessingGame.app */;
			productType = "com.apple.product-type.application";
		};
		083C89041C875B7600E8946F /* guessingGameTests */ = {
			isa = PBXNativeTarget;
			buildConfigurationList = 083C891C1C875B7600E8946F /* Build configuration list for PBXNativeTarget "guessingGameTests" */;
			buildPhases = (
				083C89011C875B7600E8946F /* Sources */,
				083C89021C875B7600E8946F /* Frameworks */,
				083C89031C875B7600E8946F /* Resources */,
			);
			buildRules = (
			);
			dependencies = (
				083C89071C875B7600E8946F /* PBXTargetDependency */,
			);
			name = guessingGameTests;
			productName = guessingGameTests;
			productReference = 083C89051C875B7600E8946F /* guessingGameTests.xctest */;
			productType = "com.apple.product-type.bundle.unit-test";
		};
		083C890F1C875B7600E8946F /* guessingGameUITests */ = {
			isa = PBXNativeTarget;
			buildConfigurationList = 083C891F1C875B7600E8946F /* Build configuration list for PBXNativeTarget "guessingGameUITests" */;
			buildPhases = (
				083C890C1C875B7600E8946F /* Sources */,
				083C890D1C875B7600E8946F /* Frameworks */,
				083C890E1C875B7600E8946F /* Resources */,
			);
			buildRules = (
			);
			dependencies = (
				083C89121C875B7600E8946F /* PBXTargetDependency */,
			);
			name = guessingGameUITests;
			productName = guessingGameUITests;
			productReference = 083C89101C875B7600E8946F /* guessingGameUITests.xctest */;
			productType = "com.apple.product-type.bundle.ui-testing";
		};
/* End PBXNativeTarget section */

/* Begin PBXProject section */
		083C88E91C875B7600E8946F /* Project object */ = {
			isa = PBXProject;
			attributes = {
				LastSwiftUpdateCheck = 0720;
				LastUpgradeCheck = 0720;
				ORGANIZATIONNAME = Test;
				TargetAttributes = {
					083C88F01C875B7600E8946F = {
						CreatedOnToolsVersion = 7.2.1;
					};
					083C89041C875B7600E8946F = {
						CreatedOnToolsVersion = 7.2.1;
						TestTargetID = 083C88F01C875B7600E8946F;
					};
					083C890F1C875B7600E8946F = {
						CreatedOnToolsVersion = 7.2.1;
						TestTargetID = 083C88F01C875B7600E8946F;
					};
				};
			};
			buildConfigurationList = 083C88EC1C875B7600E8946F /* Build configuration list for PBXProject "guessingGame" */;
			compatibilityVersion = "Xcode 3.2";
			developmentRegion = English;
			hasScannedForEncodings = 0;
			knownRegions = (
				en,
				Base,
			);
			mainGroup = 083C88E81C875B7600E8946F;
			productRefGroup = 083C88F21C875B7600E8946F /* Products */;
			projectDirPath = "";
			projectRoot = "";
			targets = (
				083C88F01C875B7600E8946F /* guessingGame */,
				083C89041C875B7600E8946F /* guessingGameTests */,
				083C890F1C875B7600E8946F /* guessingGameUITests */,
			);
		};
/* End PBXProject section */

/* Begin PBXResourcesBuildPhase section */
		083C88EF1C875B7600E8946F /* Resources */ = {
			isa = PBXResourcesBuildPhase;
			buildActionMask = 2147483647;
			files = (
				083C88FF1C875B7600E8946F /* LaunchScreen.storyboard in Resources */,
				083C88FC1C875B7600E8946F /* Assets.xcassets in Resources */,
				083C88FA1C875B7600E8946F /* Main.storyboard in Resources */,
			);
			runOnlyForDeploymentPostprocessing = 0;
		};
		083C89031C875B7600E8946F /* Resources */ = {
			isa = PBXResourcesBuildPhase;
			buildActionMask = 2147483647;
			files = (
			);
			runOnlyForDeploymentPostprocessing = 0;
		};
		083C890E1C875B7600E8946F /* Resources */ = {
			isa = PBXResourcesBuildPhase;
			buildActionMask = 2147483647;
			files = (
			);
			runOnlyForDeploymentPostprocessing = 0;
		};
/* End PBXResourcesBuildPhase section */

/* Begin PBXSourcesBuildPhase section */
		083C88ED1C875B7600E8946F /* Sources */ = {
			isa = PBXSourcesBuildPhase;
			buildActionMask = 2147483647;
			files = (
				083C88F71C875B7600E8946F /* ViewController.swift in Sources */,
				083C88F51C875B7600E8946F /* AppDelegate.swift in Sources */,
			);
			runOnlyForDeploymentPostprocessing = 0;
		};
		083C89011C875B7600E8946F /* Sources */ = {
			isa = PBXSourcesBuildPhase;
			buildActionMask = 2147483647;
			files = (
				083C890A1C875B7600E8946F /* guessingGameTests.swift in Sources */,
			);
			runOnlyForDeploymentPostprocessing = 0;
		};
		083C890C1C875B7600E8946F /* Sources */ = {
			isa = PBXSourcesBuildPhase;
			buildActionMask = 2147483647;
			files = (
				083C89151C875B7600E8946F /* guessingGameUITests.swift in Sources */,
			);
			runOnlyForDeploymentPostprocessing = 0;
		};
/* End PBXSourcesBuildPhase section */

/* Begin PBXTargetDependency section */
		083C89071C875B7600E8946F /* PBXTargetDependency */ = {
			isa = PBXTargetDependency;
			target = 083C88F01C875B7600E8946F /* guessingGame */;
			targetProxy = 083C89061C875B7600E8946F /* PBXContainerItemProxy */;
		};
		083C89121C875B7600E8946F /* PBXTargetDependency */ = {
			isa = PBXTargetDependency;
			target = 083C88F01C875B7600E8946F /* guessingGame */;
			targetProxy = 083C89111C875B7600E8946F /* PBXContainerItemProxy */;
		};
/* End PBXTargetDependency section */

/* Begin PBXVariantGroup section */
		083C88F81C875B7600E8946F /* Main.storyboard */ = {
			isa = PBXVariantGroup;
			children = (
				083C88F91C875B7600E8946F /* Base */,
			);
			name = Main.storyboard;
			sourceTree = "<group>";
		};
		083C88FD1C875B7600E8946F /* LaunchScreen.storyboard */ = {
			isa = PBXVariantGroup;
			children = (
				083C88FE1C875B7600E8946F /* Base */,
			);
			name = LaunchScreen.storyboard;
			sourceTree = "<group>";
		};
/* End PBXVariantGroup section */

/* Begin XCBuildConfiguration section */
		083C89171C875B7600E8946F /* Debug */ = {
			isa = XCBuildConfiguration;
			buildSettings = {
				ALWAYS_SEARCH_USER_PATHS = NO;
				CLANG_CXX_LANGUAGE_STANDARD = "gnu++0x";
				CLANG_CXX_LIBRARY = "libc++";
				CLANG_ENABLE_MODULES = YES;
				CLANG_ENABLE_OBJC_ARC = YES;
				CLANG_WARN_BOOL_CONVERSION = YES;
				CLANG_WARN_CONSTANT_CONVERSION = YES;
				CLANG_WARN_DIRECT_OBJC_ISA_USAGE = YES_ERROR;
				CLANG_WARN_EMPTY_BODY = YES;
				CLANG_WARN_ENUM_CONVERSION = YES;
				CLANG_WARN_INT_CONVERSION = YES;
				CLANG_WARN_OBJC_ROOT_CLASS = YES_ERROR;
				CLANG_WARN_UNREACHABLE_CODE = YES;
				CLANG_WARN__DUPLICATE_METHOD_MATCH = YES;
				"CODE_SIGN_IDENTITY[sdk=iphoneos*]" = "iPhone Developer";
				COPY_PHASE_STRIP = NO;
				DEBUG_INFORMATION_FORMAT = dwarf;
				ENABLE_STRICT_OBJC_MSGSEND = YES;
				ENABLE_TESTABILITY = YES;
				GCC_C_LANGUAGE_STANDARD = gnu99;
				GCC_DYNAMIC_NO_PIC = NO;
				GCC_NO_COMMON_BLOCKS = YES;
				GCC_OPTIMIZATION_LEVEL = 0;
				GCC_PREPROCESSOR_DEFINITIONS = (
					"DEBUG=1",
					"$(inherited)",
				);
				GCC_WARN_64_TO_32_BIT_CONVERSION = YES;
				GCC_WARN_ABOUT_RETURN_TYPE = YES_ERROR;
				GCC_WARN_UNDECLARED_SELECTOR = YES;
				GCC_WARN_UNINITIALIZED_AUTOS = YES_AGGRESSIVE;
				GCC_WARN_UNUSED_FUNCTION = YES;
				GCC_WARN_UNUSED_VARIABLE = YES;
				IPHONEOS_DEPLOYMENT_TARGET = 9.2;
				MTL_ENABLE_DEBUG_INFO = YES;
				ONLY_ACTIVE_ARCH = YES;
				SDKROOT = iphoneos;
				SWIFT_OPTIMIZATION_LEVEL = "-Onone";
				TARGETED_DEVICE_FAMILY = "1,2";
			};
			name = Debug;
		};
		083C89181C875B7600E8946F /* Release */ = {
			isa = XCBuildConfiguration;
			buildSettings = {
				ALWAYS_SEARCH_USER_PATHS = NO;
				CLANG_CXX_LANGUAGE_STANDARD = "gnu++0x";
				CLANG_CXX_LIBRARY = "libc++";
				CLANG_ENABLE_MODULES = YES;
				CLANG_ENABLE_OBJC_ARC = YES;
				CLANG_WARN_BOOL_CONVERSION = YES;
				CLANG_WARN_CONSTANT_CONVERSION = YES;
				CLANG_WARN_DIRECT_OBJC_ISA_USAGE = YES_ERROR;
				CLANG_WARN_EMPTY_BODY = YES;
				CLANG_WARN_ENUM_CONVERSION = YES;
				CLANG_WARN_INT_CONVERSION = YES;
				CLANG_WARN_OBJC_ROOT_CLASS = YES_ERROR;
				CLANG_WARN_UNREACHABLE_CODE = YES;
				CLANG_WARN__DUPLICATE_METHOD_MATCH = YES;
				"CODE_SIGN_IDENTITY[sdk=iphoneos*]" = "iPhone Developer";
				COPY_PHASE_STRIP = NO;
				DEBUG_INFORMATION_FORMAT = "dwarf-with-dsym";
				ENABLE_NS_ASSERTIONS = NO;
				ENABLE_STRICT_OBJC_MSGSEND = YES;
				GCC_C_LANGUAGE_STANDARD = gnu99;
				GCC_NO_COMMON_BLOCKS = YES;
				GCC_WARN_64_TO_32_BIT_CONVERSION = YES;
				GCC_WARN_ABOUT_RETURN_TYPE = YES_ERROR;
				GCC_WARN_UNDECLARED_SELECTOR = YES;
				GCC_WARN_UNINITIALIZED_AUTOS = YES_AGGRESSIVE;
				GCC_WARN_UNUSED_FUNCTION = YES;
				GCC_WARN_UNUSED_VARIABLE = YES;
				IPHONEOS_DEPLOYMENT_TARGET = 9.2;
				MTL_ENABLE_DEBUG_INFO = NO;
				SDKROOT = iphoneos;
				TARGETED_DEVICE_FAMILY = "1,2";
				VALIDATE_PRODUCT = YES;
			};
			name = Release;
		};
		083C891A1C875B7600E8946F /* Debug */ = {
			isa = XCBuildConfiguration;
			buildSettings = {
				ASSETCATALOG_COMPILER_APPICON_NAME = AppIcon;
				INFOPLIST_FILE = guessingGame/Info.plist;
				LD_RUNPATH_SEARCH_PATHS = "$(inherited) @executable_path/Frameworks";
				PRODUCT_BUNDLE_IDENTIFIER = test.guessingGame;
				PRODUCT_NAME = "$(TARGET_NAME)";
			};
			name = Debug;
		};
		083C891B1C875B7600E8946F /* Release */ = {
			isa = XCBuildConfiguration;
			buildSettings = {
				ASSETCATALOG_COMPILER_APPICON_NAME = AppIcon;
				INFOPLIST_FILE = guessingGame/Info.plist;
				LD_RUNPATH_SEARCH_PATHS = "$(inherited) @executable_path/Frameworks";
				PRODUCT_BUNDLE_IDENTIFIER = test.guessingGame;
				PRODUCT_NAME = "$(TARGET_NAME)";
			};
			name = Release;
		};
		083C891D1C875B7600E8946F /* Debug */ = {
			isa = XCBuildConfiguration;
			buildSettings = {
				BUNDLE_LOADER = "$(TEST_HOST)";
				INFOPLIST_FILE = guessingGameTests/Info.plist;
				LD_RUNPATH_SEARCH_PATHS = "$(inherited) @executable_path/Frameworks @loader_path/Frameworks";
				PRODUCT_BUNDLE_IDENTIFIER = test.guessingGameTests;
				PRODUCT_NAME = "$(TARGET_NAME)";
				TEST_HOST = "$(BUILT_PRODUCTS_DIR)/guessingGame.app/guessingGame";
			};
			name = Debug;
		};
		083C891E1C875B7600E8946F /* Release */ = {
			isa = XCBuildConfiguration;
			buildSettings = {
				BUNDLE_LOADER = "$(TEST_HOST)";
				INFOPLIST_FILE = guessingGameTests/Info.plist;
				LD_RUNPATH_SEARCH_PATHS = "$(inherited) @executable_path/Frameworks @loader_path/Frameworks";
				PRODUCT_BUNDLE_IDENTIFIER = test.guessingGameTests;
				PRODUCT_NAME = "$(TARGET_NAME)";
				TEST_HOST = "$(BUILT_PRODUCTS_DIR)/guessingGame.app/guessingGame";
			};
			name = Release;
		};
		083C89201C875B7600E8946F /* Debug */ = {
			isa = XCBuildConfiguration;
			buildSettings = {
				INFOPLIST_FILE = guessingGameUITests/Info.plist;
				LD_RUNPATH_SEARCH_PATHS = "$(inherited) @executable_path/Frameworks @loader_path/Frameworks";
				PRODUCT_BUNDLE_IDENTIFIER = test.guessingGameUITests;
				PRODUCT_NAME = "$(TARGET_NAME)";
				TEST_TARGET_NAME = guessingGame;
				USES_XCTRUNNER = YES;
			};
			name = Debug;
		};
		083C89211C875B7600E8946F /* Release */ = {
			isa = XCBuildConfiguration;
			buildSettings = {
				INFOPLIST_FILE = guessingGameUITests/Info.plist;
				LD_RUNPATH_SEARCH_PATHS = "$(inherited) @executable_path/Frameworks @loader_path/Frameworks";
				PRODUCT_BUNDLE_IDENTIFIER = test.guessingGameUITests;
				PRODUCT_NAME = "$(TARGET_NAME)";
				TEST_TARGET_NAME = guessingGame;
				USES_XCTRUNNER = YES;
			};
			name = Release;
		};
/* End XCBuildConfiguration section */

/* Begin XCConfigurationList section */
		083C88EC1C875B7600E8946F /* Build configuration list for PBXProject "guessingGame" */ = {
			isa = XCConfigurationList;
			buildConfigurations = (
				083C89171C875B7600E8946F /* Debug */,
				083C89181C875B7600E8946F /* Release */,
			);
			defaultConfigurationIsVisible = 0;
			defaultConfigurationName = Release;
		};
		083C89191C875B7600E8946F /* Build configuration list for PBXNativeTarget "guessingGame" */ = {
			isa = XCConfigurationList;
			buildConfigurations = (
				083C891A1C875B7600E8946F /* Debug */,
				083C891B1C875B7600E8946F /* Release */,
			);
			defaultConfigurationIsVisible = 0;
		};
		083C891C1C875B7600E8946F /* Build configuration list for PBXNativeTarget "guessingGameTests" */ = {
			isa = XCConfigurationList;
			buildConfigurations = (
				083C891D1C875B7600E8946F /* Debug */,
				083C891E1C875B7600E8946F /* Release */,
			);
			defaultConfigurationIsVisible = 0;
		};
		083C891F1C875B7600E8946F /* Build configuration list for PBXNativeTarget "guessingGameUITests" */ = {
			isa = XCConfigurationList;
			buildConfigurations = (
				083C89201C875B7600E8946F /* Debug */,
				083C89211C875B7600E8946F /* Release */,
			);
			defaultConfigurationIsVisible = 0;
		};
/* End XCConfigurationList section */
	};
	rootObject = 083C88E91C875B7600E8946F /* Project object */;
}
