// !$*UTF8*$!
{
	archiveVersion = 1;
	classes = {
	};
	objectVersion = 46;
	objects = {

/* Begin PBXBuildFile section */
		086C89E11DBFFAB400521578 /* AppDelegate.swift in Sources */ = {isa = PBXBuildFile; fileRef = 086C89E01DBFFAB400521578 /* AppDelegate.swift */; };
		086C89E31DBFFAB400521578 /* ViewController.swift in Sources */ = {isa = PBXBuildFile; fileRef = 086C89E21DBFFAB400521578 /* ViewController.swift */; };
		086C89E61DBFFAB400521578 /* Main.storyboard in Resources */ = {isa = PBXBuildFile; fileRef = 086C89E41DBFFAB400521578 /* Main.storyboard */; };
		086C89E81DBFFAB400521578 /* Assets.xcassets in Resources */ = {isa = PBXBuildFile; fileRef = 086C89E71DBFFAB400521578 /* Assets.xcassets */; };
		086C89EB1DBFFAB400521578 /* LaunchScreen.storyboard in Resources */ = {isa = PBXBuildFile; fileRef = 086C89E91DBFFAB400521578 /* LaunchScreen.storyboard */; };
		086C89F61DBFFAB500521578 /* StackViewCodeDemoTests.swift in Sources */ = {isa = PBXBuildFile; fileRef = 086C89F51DBFFAB500521578 /* StackViewCodeDemoTests.swift */; };
		086C8A011DBFFAB500521578 /* StackViewCodeDemoUITests.swift in Sources */ = {isa = PBXBuildFile; fileRef = 086C8A001DBFFAB500521578 /* StackViewCodeDemoUITests.swift */; };
/* End PBXBuildFile section */

/* Begin PBXContainerItemProxy section */
		086C89F21DBFFAB500521578 /* PBXContainerItemProxy */ = {
			isa = PBXContainerItemProxy;
			containerPortal = 086C89D51DBFFAB400521578 /* Project object */;
			proxyType = 1;
			remoteGlobalIDString = 086C89DC1DBFFAB400521578;
			remoteInfo = StackViewCodeDemo;
		};
		086C89FD1DBFFAB500521578 /* PBXContainerItemProxy */ = {
			isa = PBXContainerItemProxy;
			containerPortal = 086C89D51DBFFAB400521578 /* Project object */;
			proxyType = 1;
			remoteGlobalIDString = 086C89DC1DBFFAB400521578;
			remoteInfo = StackViewCodeDemo;
		};
/* End PBXContainerItemProxy section */

/* Begin PBXFileReference section */
		086C89DD1DBFFAB400521578 /* StackViewCodeDemo.app */ = {isa = PBXFileReference; explicitFileType = wrapper.application; includeInIndex = 0; path = StackViewCodeDemo.app; sourceTree = BUILT_PRODUCTS_DIR; };
		086C89E01DBFFAB400521578 /* AppDelegate.swift */ = {isa = PBXFileReference; lastKnownFileType = sourcecode.swift; path = AppDelegate.swift; sourceTree = "<group>"; };
		086C89E21DBFFAB400521578 /* ViewController.swift */ = {isa = PBXFileReference; lastKnownFileType = sourcecode.swift; path = ViewController.swift; sourceTree = "<group>"; };
		086C89E51DBFFAB400521578 /* Base */ = {isa = PBXFileReference; lastKnownFileType = file.storyboard; name = Base; path = Base.lproj/Main.storyboard; sourceTree = "<group>"; };
		086C89E71DBFFAB400521578 /* Assets.xcassets */ = {isa = PBXFileReference; lastKnownFileType = folder.assetcatalog; path = Assets.xcassets; sourceTree = "<group>"; };
		086C89EA1DBFFAB400521578 /* Base */ = {isa = PBXFileReference; lastKnownFileType = file.storyboard; name = Base; path = Base.lproj/LaunchScreen.storyboard; sourceTree = "<group>"; };
		086C89EC1DBFFAB400521578 /* Info.plist */ = {isa = PBXFileReference; lastKnownFileType = text.plist.xml; path = Info.plist; sourceTree = "<group>"; };
		086C89F11DBFFAB500521578 /* StackViewCodeDemoTests.xctest */ = {isa = PBXFileReference; explicitFileType = wrapper.cfbundle; includeInIndex = 0; path = StackViewCodeDemoTests.xctest; sourceTree = BUILT_PRODUCTS_DIR; };
		086C89F51DBFFAB500521578 /* StackViewCodeDemoTests.swift */ = {isa = PBXFileReference; lastKnownFileType = sourcecode.swift; path = StackViewCodeDemoTests.swift; sourceTree = "<group>"; };
		086C89F71DBFFAB500521578 /* Info.plist */ = {isa = PBXFileReference; lastKnownFileType = text.plist.xml; path = Info.plist; sourceTree = "<group>"; };
		086C89FC1DBFFAB500521578 /* StackViewCodeDemoUITests.xctest */ = {isa = PBXFileReference; explicitFileType = wrapper.cfbundle; includeInIndex = 0; path = StackViewCodeDemoUITests.xctest; sourceTree = BUILT_PRODUCTS_DIR; };
		086C8A001DBFFAB500521578 /* StackViewCodeDemoUITests.swift */ = {isa = PBXFileReference; lastKnownFileType = sourcecode.swift; path = StackViewCodeDemoUITests.swift; sourceTree = "<group>"; };
		086C8A021DBFFAB500521578 /* Info.plist */ = {isa = PBXFileReference; lastKnownFileType = text.plist.xml; path = Info.plist; sourceTree = "<group>"; };
/* End PBXFileReference section */

/* Begin PBXFrameworksBuildPhase section */
		086C89DA1DBFFAB400521578 /* Frameworks */ = {
			isa = PBXFrameworksBuildPhase;
			buildActionMask = 2147483647;
			files = (
			);
			runOnlyForDeploymentPostprocessing = 0;
		};
		086C89EE1DBFFAB500521578 /* Frameworks */ = {
			isa = PBXFrameworksBuildPhase;
			buildActionMask = 2147483647;
			files = (
			);
			runOnlyForDeploymentPostprocessing = 0;
		};
		086C89F91DBFFAB500521578 /* Frameworks */ = {
			isa = PBXFrameworksBuildPhase;
			buildActionMask = 2147483647;
			files = (
			);
			runOnlyForDeploymentPostprocessing = 0;
		};
/* End PBXFrameworksBuildPhase section */

/* Begin PBXGroup section */
		086C89D41DBFFAB400521578 = {
			isa = PBXGroup;
			children = (
				086C89DF1DBFFAB400521578 /* StackViewCodeDemo */,
				086C89F41DBFFAB500521578 /* StackViewCodeDemoTests */,
				086C89FF1DBFFAB500521578 /* StackViewCodeDemoUITests */,
				086C89DE1DBFFAB400521578 /* Products */,
			);
			sourceTree = "<group>";
		};
		086C89DE1DBFFAB400521578 /* Products */ = {
			isa = PBXGroup;
			children = (
				086C89DD1DBFFAB400521578 /* StackViewCodeDemo.app */,
				086C89F11DBFFAB500521578 /* StackViewCodeDemoTests.xctest */,
				086C89FC1DBFFAB500521578 /* StackViewCodeDemoUITests.xctest */,
			);
			name = Products;
			sourceTree = "<group>";
		};
		086C89DF1DBFFAB400521578 /* StackViewCodeDemo */ = {
			isa = PBXGroup;
			children = (
				086C89E01DBFFAB400521578 /* AppDelegate.swift */,
				086C89E21DBFFAB400521578 /* ViewController.swift */,
				086C89E41DBFFAB400521578 /* Main.storyboard */,
				086C89E71DBFFAB400521578 /* Assets.xcassets */,
				086C89E91DBFFAB400521578 /* LaunchScreen.storyboard */,
				086C89EC1DBFFAB400521578 /* Info.plist */,
			);
			path = StackViewCodeDemo;
			sourceTree = "<group>";
		};
		086C89F41DBFFAB500521578 /* StackViewCodeDemoTests */ = {
			isa = PBXGroup;
			children = (
				086C89F51DBFFAB500521578 /* StackViewCodeDemoTests.swift */,
				086C89F71DBFFAB500521578 /* Info.plist */,
			);
			path = StackViewCodeDemoTests;
			sourceTree = "<group>";
		};
		086C89FF1DBFFAB500521578 /* StackViewCodeDemoUITests */ = {
			isa = PBXGroup;
			children = (
				086C8A001DBFFAB500521578 /* StackViewCodeDemoUITests.swift */,
				086C8A021DBFFAB500521578 /* Info.plist */,
			);
			path = StackViewCodeDemoUITests;
			sourceTree = "<group>";
		};
/* End PBXGroup section */

/* Begin PBXNativeTarget section */
		086C89DC1DBFFAB400521578 /* StackViewCodeDemo */ = {
			isa = PBXNativeTarget;
			buildConfigurationList = 086C8A051DBFFAB500521578 /* Build configuration list for PBXNativeTarget "StackViewCodeDemo" */;
			buildPhases = (
				086C89D91DBFFAB400521578 /* Sources */,
				086C89DA1DBFFAB400521578 /* Frameworks */,
				086C89DB1DBFFAB400521578 /* Resources */,
			);
			buildRules = (
			);
			dependencies = (
			);
			name = StackViewCodeDemo;
			productName = StackViewCodeDemo;
			productReference = 086C89DD1DBFFAB400521578 /* StackViewCodeDemo.app */;
			productType = "com.apple.product-type.application";
		};
		086C89F01DBFFAB500521578 /* StackViewCodeDemoTests */ = {
			isa = PBXNativeTarget;
			buildConfigurationList = 086C8A081DBFFAB500521578 /* Build configuration list for PBXNativeTarget "StackViewCodeDemoTests" */;
			buildPhases = (
				086C89ED1DBFFAB500521578 /* Sources */,
				086C89EE1DBFFAB500521578 /* Frameworks */,
				086C89EF1DBFFAB500521578 /* Resources */,
			);
			buildRules = (
			);
			dependencies = (
				086C89F31DBFFAB500521578 /* PBXTargetDependency */,
			);
			name = StackViewCodeDemoTests;
			productName = StackViewCodeDemoTests;
			productReference = 086C89F11DBFFAB500521578 /* StackViewCodeDemoTests.xctest */;
			productType = "com.apple.product-type.bundle.unit-test";
		};
		086C89FB1DBFFAB500521578 /* StackViewCodeDemoUITests */ = {
			isa = PBXNativeTarget;
			buildConfigurationList = 086C8A0B1DBFFAB500521578 /* Build configuration list for PBXNativeTarget "StackViewCodeDemoUITests" */;
			buildPhases = (
				086C89F81DBFFAB500521578 /* Sources */,
				086C89F91DBFFAB500521578 /* Frameworks */,
				086C89FA1DBFFAB500521578 /* Resources */,
			);
			buildRules = (
			);
			dependencies = (
				086C89FE1DBFFAB500521578 /* PBXTargetDependency */,
			);
			name = StackViewCodeDemoUITests;
			productName = StackViewCodeDemoUITests;
			productReference = 086C89FC1DBFFAB500521578 /* StackViewCodeDemoUITests.xctest */;
			productType = "com.apple.product-type.bundle.ui-testing";
		};
/* End PBXNativeTarget section */

/* Begin PBXProject section */
		086C89D51DBFFAB400521578 /* Project object */ = {
			isa = PBXProject;
			attributes = {
				LastSwiftUpdateCheck = 0800;
				LastUpgradeCheck = 0800;
				ORGANIZATIONNAME = anita;
				TargetAttributes = {
					086C89DC1DBFFAB400521578 = {
						CreatedOnToolsVersion = 8.0;
						ProvisioningStyle = Automatic;
					};
					086C89F01DBFFAB500521578 = {
						CreatedOnToolsVersion = 8.0;
						ProvisioningStyle = Automatic;
						TestTargetID = 086C89DC1DBFFAB400521578;
					};
					086C89FB1DBFFAB500521578 = {
						CreatedOnToolsVersion = 8.0;
						ProvisioningStyle = Automatic;
						TestTargetID = 086C89DC1DBFFAB400521578;
					};
				};
			};
			buildConfigurationList = 086C89D81DBFFAB400521578 /* Build configuration list for PBXProject "StackViewCodeDemo" */;
			compatibilityVersion = "Xcode 3.2";
			developmentRegion = English;
			hasScannedForEncodings = 0;
			knownRegions = (
				en,
				Base,
			);
			mainGroup = 086C89D41DBFFAB400521578;
			productRefGroup = 086C89DE1DBFFAB400521578 /* Products */;
			projectDirPath = "";
			projectRoot = "";
			targets = (
				086C89DC1DBFFAB400521578 /* StackViewCodeDemo */,
				086C89F01DBFFAB500521578 /* StackViewCodeDemoTests */,
				086C89FB1DBFFAB500521578 /* StackViewCodeDemoUITests */,
			);
		};
/* End PBXProject section */

/* Begin PBXResourcesBuildPhase section */
		086C89DB1DBFFAB400521578 /* Resources */ = {
			isa = PBXResourcesBuildPhase;
			buildActionMask = 2147483647;
			files = (
				086C89EB1DBFFAB400521578 /* LaunchScreen.storyboard in Resources */,
				086C89E81DBFFAB400521578 /* Assets.xcassets in Resources */,
				086C89E61DBFFAB400521578 /* Main.storyboard in Resources */,
			);
			runOnlyForDeploymentPostprocessing = 0;
		};
		086C89EF1DBFFAB500521578 /* Resources */ = {
			isa = PBXResourcesBuildPhase;
			buildActionMask = 2147483647;
			files = (
			);
			runOnlyForDeploymentPostprocessing = 0;
		};
		086C89FA1DBFFAB500521578 /* Resources */ = {
			isa = PBXResourcesBuildPhase;
			buildActionMask = 2147483647;
			files = (
			);
			runOnlyForDeploymentPostprocessing = 0;
		};
/* End PBXResourcesBuildPhase section */

/* Begin PBXSourcesBuildPhase section */
		086C89D91DBFFAB400521578 /* Sources */ = {
			isa = PBXSourcesBuildPhase;
			buildActionMask = 2147483647;
			files = (
				086C89E31DBFFAB400521578 /* ViewController.swift in Sources */,
				086C89E11DBFFAB400521578 /* AppDelegate.swift in Sources */,
			);
			runOnlyForDeploymentPostprocessing = 0;
		};
		086C89ED1DBFFAB500521578 /* Sources */ = {
			isa = PBXSourcesBuildPhase;
			buildActionMask = 2147483647;
			files = (
				086C89F61DBFFAB500521578 /* StackViewCodeDemoTests.swift in Sources */,
			);
			runOnlyForDeploymentPostprocessing = 0;
		};
		086C89F81DBFFAB500521578 /* Sources */ = {
			isa = PBXSourcesBuildPhase;
			buildActionMask = 2147483647;
			files = (
				086C8A011DBFFAB500521578 /* StackViewCodeDemoUITests.swift in Sources */,
			);
			runOnlyForDeploymentPostprocessing = 0;
		};
/* End PBXSourcesBuildPhase section */

/* Begin PBXTargetDependency section */
		086C89F31DBFFAB500521578 /* PBXTargetDependency */ = {
			isa = PBXTargetDependency;
			target = 086C89DC1DBFFAB400521578 /* StackViewCodeDemo */;
			targetProxy = 086C89F21DBFFAB500521578 /* PBXContainerItemProxy */;
		};
		086C89FE1DBFFAB500521578 /* PBXTargetDependency */ = {
			isa = PBXTargetDependency;
			target = 086C89DC1DBFFAB400521578 /* StackViewCodeDemo */;
			targetProxy = 086C89FD1DBFFAB500521578 /* PBXContainerItemProxy */;
		};
/* End PBXTargetDependency section */

/* Begin PBXVariantGroup section */
		086C89E41DBFFAB400521578 /* Main.storyboard */ = {
			isa = PBXVariantGroup;
			children = (
				086C89E51DBFFAB400521578 /* Base */,
			);
			name = Main.storyboard;
			sourceTree = "<group>";
		};
		086C89E91DBFFAB400521578 /* LaunchScreen.storyboard */ = {
			isa = PBXVariantGroup;
			children = (
				086C89EA1DBFFAB400521578 /* Base */,
			);
			name = LaunchScreen.storyboard;
			sourceTree = "<group>";
		};
/* End PBXVariantGroup section */

/* Begin XCBuildConfiguration section */
		086C8A031DBFFAB500521578 /* Debug */ = {
			isa = XCBuildConfiguration;
			buildSettings = {
				ALWAYS_SEARCH_USER_PATHS = NO;
				CLANG_ANALYZER_NONNULL = YES;
				CLANG_CXX_LANGUAGE_STANDARD = "gnu++0x";
				CLANG_CXX_LIBRARY = "libc++";
				CLANG_ENABLE_MODULES = YES;
				CLANG_ENABLE_OBJC_ARC = YES;
				CLANG_WARN_BOOL_CONVERSION = YES;
				CLANG_WARN_CONSTANT_CONVERSION = YES;
				CLANG_WARN_DIRECT_OBJC_ISA_USAGE = YES_ERROR;
				CLANG_WARN_DOCUMENTATION_COMMENTS = YES;
				CLANG_WARN_EMPTY_BODY = YES;
				CLANG_WARN_ENUM_CONVERSION = YES;
				CLANG_WARN_INFINITE_RECURSION = YES;
				CLANG_WARN_INT_CONVERSION = YES;
				CLANG_WARN_OBJC_ROOT_CLASS = YES_ERROR;
				CLANG_WARN_SUSPICIOUS_MOVES = YES;
				CLANG_WARN_UNREACHABLE_CODE = YES;
				CLANG_WARN__DUPLICATE_METHOD_MATCH = YES;
				"CODE_SIGN_IDENTITY[sdk=iphoneos*]" = "iPhone Developer";
				COPY_PHASE_STRIP = NO;
				DEBUG_INFORMATION_FORMAT = dwarf;
				ENABLE_STRICT_OBJC_MSGSEND = YES;
				ENABLE_TESTABILITY = YES;
				GCC_C_LANGUAGE_STANDARD = gnu99;
				GCC_DYNAMIC_NO_PIC = NO;
				GCC_NO_COMMON_BLOCKS = YES;
				GCC_OPTIMIZATION_LEVEL = 0;
				GCC_PREPROCESSOR_DEFINITIONS = (
					"DEBUG=1",
					"$(inherited)",
				);
				GCC_WARN_64_TO_32_BIT_CONVERSION = YES;
				GCC_WARN_ABOUT_RETURN_TYPE = YES_ERROR;
				GCC_WARN_UNDECLARED_SELECTOR = YES;
				GCC_WARN_UNINITIALIZED_AUTOS = YES_AGGRESSIVE;
				GCC_WARN_UNUSED_FUNCTION = YES;
				GCC_WARN_UNUSED_VARIABLE = YES;
				IPHONEOS_DEPLOYMENT_TARGET = 10.0;
				MTL_ENABLE_DEBUG_INFO = YES;
				ONLY_ACTIVE_ARCH = YES;
				SDKROOT = iphoneos;
				SWIFT_ACTIVE_COMPILATION_CONDITIONS = DEBUG;
				SWIFT_OPTIMIZATION_LEVEL = "-Onone";
				TARGETED_DEVICE_FAMILY = "1,2";
			};
			name = Debug;
		};
		086C8A041DBFFAB500521578 /* Release */ = {
			isa = XCBuildConfiguration;
			buildSettings = {
				ALWAYS_SEARCH_USER_PATHS = NO;
				CLANG_ANALYZER_NONNULL = YES;
				CLANG_CXX_LANGUAGE_STANDARD = "gnu++0x";
				CLANG_CXX_LIBRARY = "libc++";
				CLANG_ENABLE_MODULES = YES;
				CLANG_ENABLE_OBJC_ARC = YES;
				CLANG_WARN_BOOL_CONVERSION = YES;
				CLANG_WARN_CONSTANT_CONVERSION = YES;
				CLANG_WARN_DIRECT_OBJC_ISA_USAGE = YES_ERROR;
				CLANG_WARN_DOCUMENTATION_COMMENTS = YES;
				CLANG_WARN_EMPTY_BODY = YES;
				CLANG_WARN_ENUM_CONVERSION = YES;
				CLANG_WARN_INFINITE_RECURSION = YES;
				CLANG_WARN_INT_CONVERSION = YES;
				CLANG_WARN_OBJC_ROOT_CLASS = YES_ERROR;
				CLANG_WARN_SUSPICIOUS_MOVES = YES;
				CLANG_WARN_UNREACHABLE_CODE = YES;
				CLANG_WARN__DUPLICATE_METHOD_MATCH = YES;
				"CODE_SIGN_IDENTITY[sdk=iphoneos*]" = "iPhone Developer";
				COPY_PHASE_STRIP = NO;
				DEBUG_INFORMATION_FORMAT = "dwarf-with-dsym";
				ENABLE_NS_ASSERTIONS = NO;
				ENABLE_STRICT_OBJC_MSGSEND = YES;
				GCC_C_LANGUAGE_STANDARD = gnu99;
				GCC_NO_COMMON_BLOCKS = YES;
				GCC_WARN_64_TO_32_BIT_CONVERSION = YES;
				GCC_WARN_ABOUT_RETURN_TYPE = YES_ERROR;
				GCC_WARN_UNDECLARED_SELECTOR = YES;
				GCC_WARN_UNINITIALIZED_AUTOS = YES_AGGRESSIVE;
				GCC_WARN_UNUSED_FUNCTION = YES;
				GCC_WARN_UNUSED_VARIABLE = YES;
				IPHONEOS_DEPLOYMENT_TARGET = 10.0;
				MTL_ENABLE_DEBUG_INFO = NO;
				SDKROOT = iphoneos;
				SWIFT_OPTIMIZATION_LEVEL = "-Owholemodule";
				TARGETED_DEVICE_FAMILY = "1,2";
				VALIDATE_PRODUCT = YES;
			};
			name = Release;
		};
		086C8A061DBFFAB500521578 /* Debug */ = {
			isa = XCBuildConfiguration;
			buildSettings = {
				ASSETCATALOG_COMPILER_APPICON_NAME = AppIcon;
				INFOPLIST_FILE = StackViewCodeDemo/Info.plist;
				LD_RUNPATH_SEARCH_PATHS = "$(inherited) @executable_path/Frameworks";
				PRODUCT_BUNDLE_IDENTIFIER = anita.StackViewCodeDemo;
				PRODUCT_NAME = "$(TARGET_NAME)";
				SWIFT_VERSION = 3.0;
			};
			name = Debug;
		};
		086C8A071DBFFAB500521578 /* Release */ = {
			isa = XCBuildConfiguration;
			buildSettings = {
				ASSETCATALOG_COMPILER_APPICON_NAME = AppIcon;
				INFOPLIST_FILE = StackViewCodeDemo/Info.plist;
				LD_RUNPATH_SEARCH_PATHS = "$(inherited) @executable_path/Frameworks";
				PRODUCT_BUNDLE_IDENTIFIER = anita.StackViewCodeDemo;
				PRODUCT_NAME = "$(TARGET_NAME)";
				SWIFT_VERSION = 3.0;
			};
			name = Release;
		};
		086C8A091DBFFAB500521578 /* Debug */ = {
			isa = XCBuildConfiguration;
			buildSettings = {
				ALWAYS_EMBED_SWIFT_STANDARD_LIBRARIES = YES;
				BUNDLE_LOADER = "$(TEST_HOST)";
				INFOPLIST_FILE = StackViewCodeDemoTests/Info.plist;
				LD_RUNPATH_SEARCH_PATHS = "$(inherited) @executable_path/Frameworks @loader_path/Frameworks";
				PRODUCT_BUNDLE_IDENTIFIER = anita.StackViewCodeDemoTests;
				PRODUCT_NAME = "$(TARGET_NAME)";
				SWIFT_VERSION = 3.0;
				TEST_HOST = "$(BUILT_PRODUCTS_DIR)/StackViewCodeDemo.app/StackViewCodeDemo";
			};
			name = Debug;
		};
		086C8A0A1DBFFAB500521578 /* Release */ = {
			isa = XCBuildConfiguration;
			buildSettings = {
				ALWAYS_EMBED_SWIFT_STANDARD_LIBRARIES = YES;
				BUNDLE_LOADER = "$(TEST_HOST)";
				INFOPLIST_FILE = StackViewCodeDemoTests/Info.plist;
				LD_RUNPATH_SEARCH_PATHS = "$(inherited) @executable_path/Frameworks @loader_path/Frameworks";
				PRODUCT_BUNDLE_IDENTIFIER = anita.StackViewCodeDemoTests;
				PRODUCT_NAME = "$(TARGET_NAME)";
				SWIFT_VERSION = 3.0;
				TEST_HOST = "$(BUILT_PRODUCTS_DIR)/StackViewCodeDemo.app/StackViewCodeDemo";
			};
			name = Release;
		};
		086C8A0C1DBFFAB500521578 /* Debug */ = {
			isa = XCBuildConfiguration;
			buildSettings = {
				ALWAYS_EMBED_SWIFT_STANDARD_LIBRARIES = YES;
				INFOPLIST_FILE = StackViewCodeDemoUITests/Info.plist;
				LD_RUNPATH_SEARCH_PATHS = "$(inherited) @executable_path/Frameworks @loader_path/Frameworks";
				PRODUCT_BUNDLE_IDENTIFIER = anita.StackViewCodeDemoUITests;
				PRODUCT_NAME = "$(TARGET_NAME)";
				SWIFT_VERSION = 3.0;
				TEST_TARGET_NAME = StackViewCodeDemo;
			};
			name = Debug;
		};
		086C8A0D1DBFFAB500521578 /* Release */ = {
			isa = XCBuildConfiguration;
			buildSettings = {
				ALWAYS_EMBED_SWIFT_STANDARD_LIBRARIES = YES;
				INFOPLIST_FILE = StackViewCodeDemoUITests/Info.plist;
				LD_RUNPATH_SEARCH_PATHS = "$(inherited) @executable_path/Frameworks @loader_path/Frameworks";
				PRODUCT_BUNDLE_IDENTIFIER = anita.StackViewCodeDemoUITests;
				PRODUCT_NAME = "$(TARGET_NAME)";
				SWIFT_VERSION = 3.0;
				TEST_TARGET_NAME = StackViewCodeDemo;
			};
			name = Release;
		};
/* End XCBuildConfiguration section */

/* Begin XCConfigurationList section */
		086C89D81DBFFAB400521578 /* Build configuration list for PBXProject "StackViewCodeDemo" */ = {
			isa = XCConfigurationList;
			buildConfigurations = (
				086C8A031DBFFAB500521578 /* Debug */,
				086C8A041DBFFAB500521578 /* Release */,
			);
			defaultConfigurationIsVisible = 0;
			defaultConfigurationName = Release;
		};
		086C8A051DBFFAB500521578 /* Build configuration list for PBXNativeTarget "StackViewCodeDemo" */ = {
			isa = XCConfigurationList;
			buildConfigurations = (
				086C8A061DBFFAB500521578 /* Debug */,
				086C8A071DBFFAB500521578 /* Release */,
			);
			defaultConfigurationIsVisible = 0;
		};
		086C8A081DBFFAB500521578 /* Build configuration list for PBXNativeTarget "StackViewCodeDemoTests" */ = {
			isa = XCConfigurationList;
			buildConfigurations = (
				086C8A091DBFFAB500521578 /* Debug */,
				086C8A0A1DBFFAB500521578 /* Release */,
			);
			defaultConfigurationIsVisible = 0;
		};
		086C8A0B1DBFFAB500521578 /* Build configuration list for PBXNativeTarget "StackViewCodeDemoUITests" */ = {
			isa = XCConfigurationList;
			buildConfigurations = (
				086C8A0C1DBFFAB500521578 /* Debug */,
				086C8A0D1DBFFAB500521578 /* Release */,
			);
			defaultConfigurationIsVisible = 0;
		};
/* End XCConfigurationList section */
	};
	rootObject = 086C89D51DBFFAB400521578 /* Project object */;
}
