// !$*UTF8*$!
{
	archiveVersion = 1;
	classes = {
	};
	objectVersion = 46;
	objects = {

/* Begin PBXBuildFile section */
		089C63701C94B8A000A77F5B /* AppDelegate.swift in Sources */ = {isa = PBXBuildFile; fileRef = 089C636F1C94B8A000A77F5B /* AppDelegate.swift */; };
		089C63721C94B8A000A77F5B /* ViewController.swift in Sources */ = {isa = PBXBuildFile; fileRef = 089C63711C94B8A000A77F5B /* ViewController.swift */; };
		089C63751C94B8A000A77F5B /* Main.storyboard in Resources */ = {isa = PBXBuildFile; fileRef = 089C63731C94B8A000A77F5B /* Main.storyboard */; };
		089C63771C94B8A000A77F5B /* Assets.xcassets in Resources */ = {isa = PBXBuildFile; fileRef = 089C63761C94B8A000A77F5B /* Assets.xcassets */; };
		089C637A1C94B8A000A77F5B /* LaunchScreen.storyboard in Resources */ = {isa = PBXBuildFile; fileRef = 089C63781C94B8A000A77F5B /* LaunchScreen.storyboard */; };
		089C63851C94B8A000A77F5B /* stopwatchTests.swift in Sources */ = {isa = PBXBuildFile; fileRef = 089C63841C94B8A000A77F5B /* stopwatchTests.swift */; };
		089C63901C94B8A000A77F5B /* stopwatchUITests.swift in Sources */ = {isa = PBXBuildFile; fileRef = 089C638F1C94B8A000A77F5B /* stopwatchUITests.swift */; };
/* End PBXBuildFile section */

/* Begin PBXContainerItemProxy section */
		089C63811C94B8A000A77F5B /* PBXContainerItemProxy */ = {
			isa = PBXContainerItemProxy;
			containerPortal = 089C63641C94B8A000A77F5B /* Project object */;
			proxyType = 1;
			remoteGlobalIDString = 089C636B1C94B8A000A77F5B;
			remoteInfo = stopwatch;
		};
		089C638C1C94B8A000A77F5B /* PBXContainerItemProxy */ = {
			isa = PBXContainerItemProxy;
			containerPortal = 089C63641C94B8A000A77F5B /* Project object */;
			proxyType = 1;
			remoteGlobalIDString = 089C636B1C94B8A000A77F5B;
			remoteInfo = stopwatch;
		};
/* End PBXContainerItemProxy section */

/* Begin PBXFileReference section */
		089C636C1C94B8A000A77F5B /* stopwatch.app */ = {isa = PBXFileReference; explicitFileType = wrapper.application; includeInIndex = 0; path = stopwatch.app; sourceTree = BUILT_PRODUCTS_DIR; };
		089C636F1C94B8A000A77F5B /* AppDelegate.swift */ = {isa = PBXFileReference; lastKnownFileType = sourcecode.swift; path = AppDelegate.swift; sourceTree = "<group>"; };
		089C63711C94B8A000A77F5B /* ViewController.swift */ = {isa = PBXFileReference; lastKnownFileType = sourcecode.swift; path = ViewController.swift; sourceTree = "<group>"; };
		089C63741C94B8A000A77F5B /* Base */ = {isa = PBXFileReference; lastKnownFileType = file.storyboard; name = Base; path = Base.lproj/Main.storyboard; sourceTree = "<group>"; };
		089C63761C94B8A000A77F5B /* Assets.xcassets */ = {isa = PBXFileReference; lastKnownFileType = folder.assetcatalog; path = Assets.xcassets; sourceTree = "<group>"; };
		089C63791C94B8A000A77F5B /* Base */ = {isa = PBXFileReference; lastKnownFileType = file.storyboard; name = Base; path = Base.lproj/LaunchScreen.storyboard; sourceTree = "<group>"; };
		089C637B1C94B8A000A77F5B /* Info.plist */ = {isa = PBXFileReference; lastKnownFileType = text.plist.xml; path = Info.plist; sourceTree = "<group>"; };
		089C63801C94B8A000A77F5B /* stopwatchTests.xctest */ = {isa = PBXFileReference; explicitFileType = wrapper.cfbundle; includeInIndex = 0; path = stopwatchTests.xctest; sourceTree = BUILT_PRODUCTS_DIR; };
		089C63841C94B8A000A77F5B /* stopwatchTests.swift */ = {isa = PBXFileReference; lastKnownFileType = sourcecode.swift; path = stopwatchTests.swift; sourceTree = "<group>"; };
		089C63861C94B8A000A77F5B /* Info.plist */ = {isa = PBXFileReference; lastKnownFileType = text.plist.xml; path = Info.plist; sourceTree = "<group>"; };
		089C638B1C94B8A000A77F5B /* stopwatchUITests.xctest */ = {isa = PBXFileReference; explicitFileType = wrapper.cfbundle; includeInIndex = 0; path = stopwatchUITests.xctest; sourceTree = BUILT_PRODUCTS_DIR; };
		089C638F1C94B8A000A77F5B /* stopwatchUITests.swift */ = {isa = PBXFileReference; lastKnownFileType = sourcecode.swift; path = stopwatchUITests.swift; sourceTree = "<group>"; };
		089C63911C94B8A000A77F5B /* Info.plist */ = {isa = PBXFileReference; lastKnownFileType = text.plist.xml; path = Info.plist; sourceTree = "<group>"; };
/* End PBXFileReference section */

/* Begin PBXFrameworksBuildPhase section */
		089C63691C94B8A000A77F5B /* Frameworks */ = {
			isa = PBXFrameworksBuildPhase;
			buildActionMask = 2147483647;
			files = (
			);
			runOnlyForDeploymentPostprocessing = 0;
		};
		089C637D1C94B8A000A77F5B /* Frameworks */ = {
			isa = PBXFrameworksBuildPhase;
			buildActionMask = 2147483647;
			files = (
			);
			runOnlyForDeploymentPostprocessing = 0;
		};
		089C63881C94B8A000A77F5B /* Frameworks */ = {
			isa = PBXFrameworksBuildPhase;
			buildActionMask = 2147483647;
			files = (
			);
			runOnlyForDeploymentPostprocessing = 0;
		};
/* End PBXFrameworksBuildPhase section */

/* Begin PBXGroup section */
		089C63631C94B8A000A77F5B = {
			isa = PBXGroup;
			children = (
				089C636E1C94B8A000A77F5B /* stopwatch */,
				089C63831C94B8A000A77F5B /* stopwatchTests */,
				089C638E1C94B8A000A77F5B /* stopwatchUITests */,
				089C636D1C94B8A000A77F5B /* Products */,
			);
			sourceTree = "<group>";
		};
		089C636D1C94B8A000A77F5B /* Products */ = {
			isa = PBXGroup;
			children = (
				089C636C1C94B8A000A77F5B /* stopwatch.app */,
				089C63801C94B8A000A77F5B /* stopwatchTests.xctest */,
				089C638B1C94B8A000A77F5B /* stopwatchUITests.xctest */,
			);
			name = Products;
			sourceTree = "<group>";
		};
		089C636E1C94B8A000A77F5B /* stopwatch */ = {
			isa = PBXGroup;
			children = (
				089C636F1C94B8A000A77F5B /* AppDelegate.swift */,
				089C63711C94B8A000A77F5B /* ViewController.swift */,
				089C63731C94B8A000A77F5B /* Main.storyboard */,
				089C63761C94B8A000A77F5B /* Assets.xcassets */,
				089C63781C94B8A000A77F5B /* LaunchScreen.storyboard */,
				089C637B1C94B8A000A77F5B /* Info.plist */,
			);
			path = stopwatch;
			sourceTree = "<group>";
		};
		089C63831C94B8A000A77F5B /* stopwatchTests */ = {
			isa = PBXGroup;
			children = (
				089C63841C94B8A000A77F5B /* stopwatchTests.swift */,
				089C63861C94B8A000A77F5B /* Info.plist */,
			);
			path = stopwatchTests;
			sourceTree = "<group>";
		};
		089C638E1C94B8A000A77F5B /* stopwatchUITests */ = {
			isa = PBXGroup;
			children = (
				089C638F1C94B8A000A77F5B /* stopwatchUITests.swift */,
				089C63911C94B8A000A77F5B /* Info.plist */,
			);
			path = stopwatchUITests;
			sourceTree = "<group>";
		};
/* End PBXGroup section */

/* Begin PBXNativeTarget section */
		089C636B1C94B8A000A77F5B /* stopwatch */ = {
			isa = PBXNativeTarget;
			buildConfigurationList = 089C63941C94B8A000A77F5B /* Build configuration list for PBXNativeTarget "stopwatch" */;
			buildPhases = (
				089C63681C94B8A000A77F5B /* Sources */,
				089C63691C94B8A000A77F5B /* Frameworks */,
				089C636A1C94B8A000A77F5B /* Resources */,
			);
			buildRules = (
			);
			dependencies = (
			);
			name = stopwatch;
			productName = stopwatch;
			productReference = 089C636C1C94B8A000A77F5B /* stopwatch.app */;
			productType = "com.apple.product-type.application";
		};
		089C637F1C94B8A000A77F5B /* stopwatchTests */ = {
			isa = PBXNativeTarget;
			buildConfigurationList = 089C63971C94B8A000A77F5B /* Build configuration list for PBXNativeTarget "stopwatchTests" */;
			buildPhases = (
				089C637C1C94B8A000A77F5B /* Sources */,
				089C637D1C94B8A000A77F5B /* Frameworks */,
				089C637E1C94B8A000A77F5B /* Resources */,
			);
			buildRules = (
			);
			dependencies = (
				089C63821C94B8A000A77F5B /* PBXTargetDependency */,
			);
			name = stopwatchTests;
			productName = stopwatchTests;
			productReference = 089C63801C94B8A000A77F5B /* stopwatchTests.xctest */;
			productType = "com.apple.product-type.bundle.unit-test";
		};
		089C638A1C94B8A000A77F5B /* stopwatchUITests */ = {
			isa = PBXNativeTarget;
			buildConfigurationList = 089C639A1C94B8A000A77F5B /* Build configuration list for PBXNativeTarget "stopwatchUITests" */;
			buildPhases = (
				089C63871C94B8A000A77F5B /* Sources */,
				089C63881C94B8A000A77F5B /* Frameworks */,
				089C63891C94B8A000A77F5B /* Resources */,
			);
			buildRules = (
			);
			dependencies = (
				089C638D1C94B8A000A77F5B /* PBXTargetDependency */,
			);
			name = stopwatchUITests;
			productName = stopwatchUITests;
			productReference = 089C638B1C94B8A000A77F5B /* stopwatchUITests.xctest */;
			productType = "com.apple.product-type.bundle.ui-testing";
		};
/* End PBXNativeTarget section */

/* Begin PBXProject section */
		089C63641C94B8A000A77F5B /* Project object */ = {
			isa = PBXProject;
			attributes = {
				LastSwiftUpdateCheck = 0720;
				LastUpgradeCheck = 0720;
				ORGANIZATIONNAME = Test;
				TargetAttributes = {
					089C636B1C94B8A000A77F5B = {
						CreatedOnToolsVersion = 7.2.1;
					};
					089C637F1C94B8A000A77F5B = {
						CreatedOnToolsVersion = 7.2.1;
						TestTargetID = 089C636B1C94B8A000A77F5B;
					};
					089C638A1C94B8A000A77F5B = {
						CreatedOnToolsVersion = 7.2.1;
						TestTargetID = 089C636B1C94B8A000A77F5B;
					};
				};
			};
			buildConfigurationList = 089C63671C94B8A000A77F5B /* Build configuration list for PBXProject "stopwatch" */;
			compatibilityVersion = "Xcode 3.2";
			developmentRegion = English;
			hasScannedForEncodings = 0;
			knownRegions = (
				en,
				Base,
			);
			mainGroup = 089C63631C94B8A000A77F5B;
			productRefGroup = 089C636D1C94B8A000A77F5B /* Products */;
			projectDirPath = "";
			projectRoot = "";
			targets = (
				089C636B1C94B8A000A77F5B /* stopwatch */,
				089C637F1C94B8A000A77F5B /* stopwatchTests */,
				089C638A1C94B8A000A77F5B /* stopwatchUITests */,
			);
		};
/* End PBXProject section */

/* Begin PBXResourcesBuildPhase section */
		089C636A1C94B8A000A77F5B /* Resources */ = {
			isa = PBXResourcesBuildPhase;
			buildActionMask = 2147483647;
			files = (
				089C637A1C94B8A000A77F5B /* LaunchScreen.storyboard in Resources */,
				089C63771C94B8A000A77F5B /* Assets.xcassets in Resources */,
				089C63751C94B8A000A77F5B /* Main.storyboard in Resources */,
			);
			runOnlyForDeploymentPostprocessing = 0;
		};
		089C637E1C94B8A000A77F5B /* Resources */ = {
			isa = PBXResourcesBuildPhase;
			buildActionMask = 2147483647;
			files = (
			);
			runOnlyForDeploymentPostprocessing = 0;
		};
		089C63891C94B8A000A77F5B /* Resources */ = {
			isa = PBXResourcesBuildPhase;
			buildActionMask = 2147483647;
			files = (
			);
			runOnlyForDeploymentPostprocessing = 0;
		};
/* End PBXResourcesBuildPhase section */

/* Begin PBXSourcesBuildPhase section */
		089C63681C94B8A000A77F5B /* Sources */ = {
			isa = PBXSourcesBuildPhase;
			buildActionMask = 2147483647;
			files = (
				089C63721C94B8A000A77F5B /* ViewController.swift in Sources */,
				089C63701C94B8A000A77F5B /* AppDelegate.swift in Sources */,
			);
			runOnlyForDeploymentPostprocessing = 0;
		};
		089C637C1C94B8A000A77F5B /* Sources */ = {
			isa = PBXSourcesBuildPhase;
			buildActionMask = 2147483647;
			files = (
				089C63851C94B8A000A77F5B /* stopwatchTests.swift in Sources */,
			);
			runOnlyForDeploymentPostprocessing = 0;
		};
		089C63871C94B8A000A77F5B /* Sources */ = {
			isa = PBXSourcesBuildPhase;
			buildActionMask = 2147483647;
			files = (
				089C63901C94B8A000A77F5B /* stopwatchUITests.swift in Sources */,
			);
			runOnlyForDeploymentPostprocessing = 0;
		};
/* End PBXSourcesBuildPhase section */

/* Begin PBXTargetDependency section */
		089C63821C94B8A000A77F5B /* PBXTargetDependency */ = {
			isa = PBXTargetDependency;
			target = 089C636B1C94B8A000A77F5B /* stopwatch */;
			targetProxy = 089C63811C94B8A000A77F5B /* PBXContainerItemProxy */;
		};
		089C638D1C94B8A000A77F5B /* PBXTargetDependency */ = {
			isa = PBXTargetDependency;
			target = 089C636B1C94B8A000A77F5B /* stopwatch */;
			targetProxy = 089C638C1C94B8A000A77F5B /* PBXContainerItemProxy */;
		};
/* End PBXTargetDependency section */

/* Begin PBXVariantGroup section */
		089C63731C94B8A000A77F5B /* Main.storyboard */ = {
			isa = PBXVariantGroup;
			children = (
				089C63741C94B8A000A77F5B /* Base */,
			);
			name = Main.storyboard;
			sourceTree = "<group>";
		};
		089C63781C94B8A000A77F5B /* LaunchScreen.storyboard */ = {
			isa = PBXVariantGroup;
			children = (
				089C63791C94B8A000A77F5B /* Base */,
			);
			name = LaunchScreen.storyboard;
			sourceTree = "<group>";
		};
/* End PBXVariantGroup section */

/* Begin XCBuildConfiguration section */
		089C63921C94B8A000A77F5B /* Debug */ = {
			isa = XCBuildConfiguration;
			buildSettings = {
				ALWAYS_SEARCH_USER_PATHS = NO;
				CLANG_CXX_LANGUAGE_STANDARD = "gnu++0x";
				CLANG_CXX_LIBRARY = "libc++";
				CLANG_ENABLE_MODULES = YES;
				CLANG_ENABLE_OBJC_ARC = YES;
				CLANG_WARN_BOOL_CONVERSION = YES;
				CLANG_WARN_CONSTANT_CONVERSION = YES;
				CLANG_WARN_DIRECT_OBJC_ISA_USAGE = YES_ERROR;
				CLANG_WARN_EMPTY_BODY = YES;
				CLANG_WARN_ENUM_CONVERSION = YES;
				CLANG_WARN_INT_CONVERSION = YES;
				CLANG_WARN_OBJC_ROOT_CLASS = YES_ERROR;
				CLANG_WARN_UNREACHABLE_CODE = YES;
				CLANG_WARN__DUPLICATE_METHOD_MATCH = YES;
				"CODE_SIGN_IDENTITY[sdk=iphoneos*]" = "iPhone Developer";
				COPY_PHASE_STRIP = NO;
				DEBUG_INFORMATION_FORMAT = dwarf;
				ENABLE_STRICT_OBJC_MSGSEND = YES;
				ENABLE_TESTABILITY = YES;
				GCC_C_LANGUAGE_STANDARD = gnu99;
				GCC_DYNAMIC_NO_PIC = NO;
				GCC_NO_COMMON_BLOCKS = YES;
				GCC_OPTIMIZATION_LEVEL = 0;
				GCC_PREPROCESSOR_DEFINITIONS = (
					"DEBUG=1",
					"$(inherited)",
				);
				GCC_WARN_64_TO_32_BIT_CONVERSION = YES;
				GCC_WARN_ABOUT_RETURN_TYPE = YES_ERROR;
				GCC_WARN_UNDECLARED_SELECTOR = YES;
				GCC_WARN_UNINITIALIZED_AUTOS = YES_AGGRESSIVE;
				GCC_WARN_UNUSED_FUNCTION = YES;
				GCC_WARN_UNUSED_VARIABLE = YES;
				IPHONEOS_DEPLOYMENT_TARGET = 9.2;
				MTL_ENABLE_DEBUG_INFO = YES;
				ONLY_ACTIVE_ARCH = YES;
				SDKROOT = iphoneos;
				SWIFT_OPTIMIZATION_LEVEL = "-Onone";
				TARGETED_DEVICE_FAMILY = "1,2";
			};
			name = Debug;
		};
		089C63931C94B8A000A77F5B /* Release */ = {
			isa = XCBuildConfiguration;
			buildSettings = {
				ALWAYS_SEARCH_USER_PATHS = NO;
				CLANG_CXX_LANGUAGE_STANDARD = "gnu++0x";
				CLANG_CXX_LIBRARY = "libc++";
				CLANG_ENABLE_MODULES = YES;
				CLANG_ENABLE_OBJC_ARC = YES;
				CLANG_WARN_BOOL_CONVERSION = YES;
				CLANG_WARN_CONSTANT_CONVERSION = YES;
				CLANG_WARN_DIRECT_OBJC_ISA_USAGE = YES_ERROR;
				CLANG_WARN_EMPTY_BODY = YES;
				CLANG_WARN_ENUM_CONVERSION = YES;
				CLANG_WARN_INT_CONVERSION = YES;
				CLANG_WARN_OBJC_ROOT_CLASS = YES_ERROR;
				CLANG_WARN_UNREACHABLE_CODE = YES;
				CLANG_WARN__DUPLICATE_METHOD_MATCH = YES;
				"CODE_SIGN_IDENTITY[sdk=iphoneos*]" = "iPhone Developer";
				COPY_PHASE_STRIP = NO;
				DEBUG_INFORMATION_FORMAT = "dwarf-with-dsym";
				ENABLE_NS_ASSERTIONS = NO;
				ENABLE_STRICT_OBJC_MSGSEND = YES;
				GCC_C_LANGUAGE_STANDARD = gnu99;
				GCC_NO_COMMON_BLOCKS = YES;
				GCC_WARN_64_TO_32_BIT_CONVERSION = YES;
				GCC_WARN_ABOUT_RETURN_TYPE = YES_ERROR;
				GCC_WARN_UNDECLARED_SELECTOR = YES;
				GCC_WARN_UNINITIALIZED_AUTOS = YES_AGGRESSIVE;
				GCC_WARN_UNUSED_FUNCTION = YES;
				GCC_WARN_UNUSED_VARIABLE = YES;
				IPHONEOS_DEPLOYMENT_TARGET = 9.2;
				MTL_ENABLE_DEBUG_INFO = NO;
				SDKROOT = iphoneos;
				TARGETED_DEVICE_FAMILY = "1,2";
				VALIDATE_PRODUCT = YES;
			};
			name = Release;
		};
		089C63951C94B8A000A77F5B /* Debug */ = {
			isa = XCBuildConfiguration;
			buildSettings = {
				ASSETCATALOG_COMPILER_APPICON_NAME = AppIcon;
				INFOPLIST_FILE = stopwatch/Info.plist;
				LD_RUNPATH_SEARCH_PATHS = "$(inherited) @executable_path/Frameworks";
				PRODUCT_BUNDLE_IDENTIFIER = test.stopwatch;
				PRODUCT_NAME = "$(TARGET_NAME)";
			};
			name = Debug;
		};
		089C63961C94B8A000A77F5B /* Release */ = {
			isa = XCBuildConfiguration;
			buildSettings = {
				ASSETCATALOG_COMPILER_APPICON_NAME = AppIcon;
				INFOPLIST_FILE = stopwatch/Info.plist;
				LD_RUNPATH_SEARCH_PATHS = "$(inherited) @executable_path/Frameworks";
				PRODUCT_BUNDLE_IDENTIFIER = test.stopwatch;
				PRODUCT_NAME = "$(TARGET_NAME)";
			};
			name = Release;
		};
		089C63981C94B8A000A77F5B /* Debug */ = {
			isa = XCBuildConfiguration;
			buildSettings = {
				BUNDLE_LOADER = "$(TEST_HOST)";
				INFOPLIST_FILE = stopwatchTests/Info.plist;
				LD_RUNPATH_SEARCH_PATHS = "$(inherited) @executable_path/Frameworks @loader_path/Frameworks";
				PRODUCT_BUNDLE_IDENTIFIER = test.stopwatchTests;
				PRODUCT_NAME = "$(TARGET_NAME)";
				TEST_HOST = "$(BUILT_PRODUCTS_DIR)/stopwatch.app/stopwatch";
			};
			name = Debug;
		};
		089C63991C94B8A000A77F5B /* Release */ = {
			isa = XCBuildConfiguration;
			buildSettings = {
				BUNDLE_LOADER = "$(TEST_HOST)";
				INFOPLIST_FILE = stopwatchTests/Info.plist;
				LD_RUNPATH_SEARCH_PATHS = "$(inherited) @executable_path/Frameworks @loader_path/Frameworks";
				PRODUCT_BUNDLE_IDENTIFIER = test.stopwatchTests;
				PRODUCT_NAME = "$(TARGET_NAME)";
				TEST_HOST = "$(BUILT_PRODUCTS_DIR)/stopwatch.app/stopwatch";
			};
			name = Release;
		};
		089C639B1C94B8A000A77F5B /* Debug */ = {
			isa = XCBuildConfiguration;
			buildSettings = {
				INFOPLIST_FILE = stopwatchUITests/Info.plist;
				LD_RUNPATH_SEARCH_PATHS = "$(inherited) @executable_path/Frameworks @loader_path/Frameworks";
				PRODUCT_BUNDLE_IDENTIFIER = test.stopwatchUITests;
				PRODUCT_NAME = "$(TARGET_NAME)";
				TEST_TARGET_NAME = stopwatch;
				USES_XCTRUNNER = YES;
			};
			name = Debug;
		};
		089C639C1C94B8A000A77F5B /* Release */ = {
			isa = XCBuildConfiguration;
			buildSettings = {
				INFOPLIST_FILE = stopwatchUITests/Info.plist;
				LD_RUNPATH_SEARCH_PATHS = "$(inherited) @executable_path/Frameworks @loader_path/Frameworks";
				PRODUCT_BUNDLE_IDENTIFIER = test.stopwatchUITests;
				PRODUCT_NAME = "$(TARGET_NAME)";
				TEST_TARGET_NAME = stopwatch;
				USES_XCTRUNNER = YES;
			};
			name = Release;
		};
/* End XCBuildConfiguration section */

/* Begin XCConfigurationList section */
		089C63671C94B8A000A77F5B /* Build configuration list for PBXProject "stopwatch" */ = {
			isa = XCConfigurationList;
			buildConfigurations = (
				089C63921C94B8A000A77F5B /* Debug */,
				089C63931C94B8A000A77F5B /* Release */,
			);
			defaultConfigurationIsVisible = 0;
			defaultConfigurationName = Release;
		};
		089C63941C94B8A000A77F5B /* Build configuration list for PBXNativeTarget "stopwatch" */ = {
			isa = XCConfigurationList;
			buildConfigurations = (
				089C63951C94B8A000A77F5B /* Debug */,
				089C63961C94B8A000A77F5B /* Release */,
			);
			defaultConfigurationIsVisible = 0;
		};
		089C63971C94B8A000A77F5B /* Build configuration list for PBXNativeTarget "stopwatchTests" */ = {
			isa = XCConfigurationList;
			buildConfigurations = (
				089C63981C94B8A000A77F5B /* Debug */,
				089C63991C94B8A000A77F5B /* Release */,
			);
			defaultConfigurationIsVisible = 0;
		};
		089C639A1C94B8A000A77F5B /* Build configuration list for PBXNativeTarget "stopwatchUITests" */ = {
			isa = XCConfigurationList;
			buildConfigurations = (
				089C639B1C94B8A000A77F5B /* Debug */,
				089C639C1C94B8A000A77F5B /* Release */,
			);
			defaultConfigurationIsVisible = 0;
		};
/* End XCConfigurationList section */
	};
	rootObject = 089C63641C94B8A000A77F5B /* Project object */;
}
