// !$*UTF8*$!
{
	archiveVersion = 1;
	classes = {
	};
	objectVersion = 46;
	objects = {

/* Begin PBXBuildFile section */
		089C63E41C97F1B200A77F5B /* AppDelegate.swift in Sources */ = {isa = PBXBuildFile; fileRef = 089C63E31C97F1B200A77F5B /* AppDelegate.swift */; };
		089C63E61C97F1B200A77F5B /* ViewController.swift in Sources */ = {isa = PBXBuildFile; fileRef = 089C63E51C97F1B200A77F5B /* ViewController.swift */; };
		089C63E91C97F1B200A77F5B /* Main.storyboard in Resources */ = {isa = PBXBuildFile; fileRef = 089C63E71C97F1B200A77F5B /* Main.storyboard */; };
		089C63EB1C97F1B200A77F5B /* Assets.xcassets in Resources */ = {isa = PBXBuildFile; fileRef = 089C63EA1C97F1B200A77F5B /* Assets.xcassets */; };
		089C63EE1C97F1B200A77F5B /* LaunchScreen.storyboard in Resources */ = {isa = PBXBuildFile; fileRef = 089C63EC1C97F1B200A77F5B /* LaunchScreen.storyboard */; };
		089C63F91C97F1B200A77F5B /* testTests.swift in Sources */ = {isa = PBXBuildFile; fileRef = 089C63F81C97F1B200A77F5B /* testTests.swift */; };
		089C64041C97F1B200A77F5B /* testUITests.swift in Sources */ = {isa = PBXBuildFile; fileRef = 089C64031C97F1B200A77F5B /* testUITests.swift */; };
/* End PBXBuildFile section */

/* Begin PBXContainerItemProxy section */
		089C63F51C97F1B200A77F5B /* PBXContainerItemProxy */ = {
			isa = PBXContainerItemProxy;
			containerPortal = 089C63D81C97F1B200A77F5B /* Project object */;
			proxyType = 1;
			remoteGlobalIDString = 089C63DF1C97F1B200A77F5B;
			remoteInfo = test;
		};
		089C64001C97F1B200A77F5B /* PBXContainerItemProxy */ = {
			isa = PBXContainerItemProxy;
			containerPortal = 089C63D81C97F1B200A77F5B /* Project object */;
			proxyType = 1;
			remoteGlobalIDString = 089C63DF1C97F1B200A77F5B;
			remoteInfo = test;
		};
/* End PBXContainerItemProxy section */

/* Begin PBXFileReference section */
		089C63E01C97F1B200A77F5B /* test.app */ = {isa = PBXFileReference; explicitFileType = wrapper.application; includeInIndex = 0; path = test.app; sourceTree = BUILT_PRODUCTS_DIR; };
		089C63E31C97F1B200A77F5B /* AppDelegate.swift */ = {isa = PBXFileReference; lastKnownFileType = sourcecode.swift; path = AppDelegate.swift; sourceTree = "<group>"; };
		089C63E51C97F1B200A77F5B /* ViewController.swift */ = {isa = PBXFileReference; lastKnownFileType = sourcecode.swift; path = ViewController.swift; sourceTree = "<group>"; };
		089C63E81C97F1B200A77F5B /* Base */ = {isa = PBXFileReference; lastKnownFileType = file.storyboard; name = Base; path = Base.lproj/Main.storyboard; sourceTree = "<group>"; };
		089C63EA1C97F1B200A77F5B /* Assets.xcassets */ = {isa = PBXFileReference; lastKnownFileType = folder.assetcatalog; path = Assets.xcassets; sourceTree = "<group>"; };
		089C63ED1C97F1B200A77F5B /* Base */ = {isa = PBXFileReference; lastKnownFileType = file.storyboard; name = Base; path = Base.lproj/LaunchScreen.storyboard; sourceTree = "<group>"; };
		089C63EF1C97F1B200A77F5B /* Info.plist */ = {isa = PBXFileReference; lastKnownFileType = text.plist.xml; path = Info.plist; sourceTree = "<group>"; };
		089C63F41C97F1B200A77F5B /* testTests.xctest */ = {isa = PBXFileReference; explicitFileType = wrapper.cfbundle; includeInIndex = 0; path = testTests.xctest; sourceTree = BUILT_PRODUCTS_DIR; };
		089C63F81C97F1B200A77F5B /* testTests.swift */ = {isa = PBXFileReference; lastKnownFileType = sourcecode.swift; path = testTests.swift; sourceTree = "<group>"; };
		089C63FA1C97F1B200A77F5B /* Info.plist */ = {isa = PBXFileReference; lastKnownFileType = text.plist.xml; path = Info.plist; sourceTree = "<group>"; };
		089C63FF1C97F1B200A77F5B /* testUITests.xctest */ = {isa = PBXFileReference; explicitFileType = wrapper.cfbundle; includeInIndex = 0; path = testUITests.xctest; sourceTree = BUILT_PRODUCTS_DIR; };
		089C64031C97F1B200A77F5B /* testUITests.swift */ = {isa = PBXFileReference; lastKnownFileType = sourcecode.swift; path = testUITests.swift; sourceTree = "<group>"; };
		089C64051C97F1B200A77F5B /* Info.plist */ = {isa = PBXFileReference; lastKnownFileType = text.plist.xml; path = Info.plist; sourceTree = "<group>"; };
/* End PBXFileReference section */

/* Begin PBXFrameworksBuildPhase section */
		089C63DD1C97F1B200A77F5B /* Frameworks */ = {
			isa = PBXFrameworksBuildPhase;
			buildActionMask = 2147483647;
			files = (
			);
			runOnlyForDeploymentPostprocessing = 0;
		};
		089C63F11C97F1B200A77F5B /* Frameworks */ = {
			isa = PBXFrameworksBuildPhase;
			buildActionMask = 2147483647;
			files = (
			);
			runOnlyForDeploymentPostprocessing = 0;
		};
		089C63FC1C97F1B200A77F5B /* Frameworks */ = {
			isa = PBXFrameworksBuildPhase;
			buildActionMask = 2147483647;
			files = (
			);
			runOnlyForDeploymentPostprocessing = 0;
		};
/* End PBXFrameworksBuildPhase section */

/* Begin PBXGroup section */
		089C63D71C97F1B200A77F5B = {
			isa = PBXGroup;
			children = (
				089C63E21C97F1B200A77F5B /* test */,
				089C63F71C97F1B200A77F5B /* testTests */,
				089C64021C97F1B200A77F5B /* testUITests */,
				089C63E11C97F1B200A77F5B /* Products */,
			);
			sourceTree = "<group>";
		};
		089C63E11C97F1B200A77F5B /* Products */ = {
			isa = PBXGroup;
			children = (
				089C63E01C97F1B200A77F5B /* test.app */,
				089C63F41C97F1B200A77F5B /* testTests.xctest */,
				089C63FF1C97F1B200A77F5B /* testUITests.xctest */,
			);
			name = Products;
			sourceTree = "<group>";
		};
		089C63E21C97F1B200A77F5B /* test */ = {
			isa = PBXGroup;
			children = (
				089C63E31C97F1B200A77F5B /* AppDelegate.swift */,
				089C63E51C97F1B200A77F5B /* ViewController.swift */,
				089C63E71C97F1B200A77F5B /* Main.storyboard */,
				089C63EA1C97F1B200A77F5B /* Assets.xcassets */,
				089C63EC1C97F1B200A77F5B /* LaunchScreen.storyboard */,
				089C63EF1C97F1B200A77F5B /* Info.plist */,
			);
			path = test;
			sourceTree = "<group>";
		};
		089C63F71C97F1B200A77F5B /* testTests */ = {
			isa = PBXGroup;
			children = (
				089C63F81C97F1B200A77F5B /* testTests.swift */,
				089C63FA1C97F1B200A77F5B /* Info.plist */,
			);
			path = testTests;
			sourceTree = "<group>";
		};
		089C64021C97F1B200A77F5B /* testUITests */ = {
			isa = PBXGroup;
			children = (
				089C64031C97F1B200A77F5B /* testUITests.swift */,
				089C64051C97F1B200A77F5B /* Info.plist */,
			);
			path = testUITests;
			sourceTree = "<group>";
		};
/* End PBXGroup section */

/* Begin PBXNativeTarget section */
		089C63DF1C97F1B200A77F5B /* test */ = {
			isa = PBXNativeTarget;
			buildConfigurationList = 089C64081C97F1B200A77F5B /* Build configuration list for PBXNativeTarget "test" */;
			buildPhases = (
				089C63DC1C97F1B200A77F5B /* Sources */,
				089C63DD1C97F1B200A77F5B /* Frameworks */,
				089C63DE1C97F1B200A77F5B /* Resources */,
			);
			buildRules = (
			);
			dependencies = (
			);
			name = test;
			productName = test;
			productReference = 089C63E01C97F1B200A77F5B /* test.app */;
			productType = "com.apple.product-type.application";
		};
		089C63F31C97F1B200A77F5B /* testTests */ = {
			isa = PBXNativeTarget;
			buildConfigurationList = 089C640B1C97F1B200A77F5B /* Build configuration list for PBXNativeTarget "testTests" */;
			buildPhases = (
				089C63F01C97F1B200A77F5B /* Sources */,
				089C63F11C97F1B200A77F5B /* Frameworks */,
				089C63F21C97F1B200A77F5B /* Resources */,
			);
			buildRules = (
			);
			dependencies = (
				089C63F61C97F1B200A77F5B /* PBXTargetDependency */,
			);
			name = testTests;
			productName = testTests;
			productReference = 089C63F41C97F1B200A77F5B /* testTests.xctest */;
			productType = "com.apple.product-type.bundle.unit-test";
		};
		089C63FE1C97F1B200A77F5B /* testUITests */ = {
			isa = PBXNativeTarget;
			buildConfigurationList = 089C640E1C97F1B200A77F5B /* Build configuration list for PBXNativeTarget "testUITests" */;
			buildPhases = (
				089C63FB1C97F1B200A77F5B /* Sources */,
				089C63FC1C97F1B200A77F5B /* Frameworks */,
				089C63FD1C97F1B200A77F5B /* Resources */,
			);
			buildRules = (
			);
			dependencies = (
				089C64011C97F1B200A77F5B /* PBXTargetDependency */,
			);
			name = testUITests;
			productName = testUITests;
			productReference = 089C63FF1C97F1B200A77F5B /* testUITests.xctest */;
			productType = "com.apple.product-type.bundle.ui-testing";
		};
/* End PBXNativeTarget section */

/* Begin PBXProject section */
		089C63D81C97F1B200A77F5B /* Project object */ = {
			isa = PBXProject;
			attributes = {
				LastSwiftUpdateCheck = 0720;
				LastUpgradeCheck = 0720;
				ORGANIZATIONNAME = Test;
				TargetAttributes = {
					089C63DF1C97F1B200A77F5B = {
						CreatedOnToolsVersion = 7.2.1;
					};
					089C63F31C97F1B200A77F5B = {
						CreatedOnToolsVersion = 7.2.1;
						TestTargetID = 089C63DF1C97F1B200A77F5B;
					};
					089C63FE1C97F1B200A77F5B = {
						CreatedOnToolsVersion = 7.2.1;
						TestTargetID = 089C63DF1C97F1B200A77F5B;
					};
				};
			};
			buildConfigurationList = 089C63DB1C97F1B200A77F5B /* Build configuration list for PBXProject "test" */;
			compatibilityVersion = "Xcode 3.2";
			developmentRegion = English;
			hasScannedForEncodings = 0;
			knownRegions = (
				en,
				Base,
			);
			mainGroup = 089C63D71C97F1B200A77F5B;
			productRefGroup = 089C63E11C97F1B200A77F5B /* Products */;
			projectDirPath = "";
			projectRoot = "";
			targets = (
				089C63DF1C97F1B200A77F5B /* test */,
				089C63F31C97F1B200A77F5B /* testTests */,
				089C63FE1C97F1B200A77F5B /* testUITests */,
			);
		};
/* End PBXProject section */

/* Begin PBXResourcesBuildPhase section */
		089C63DE1C97F1B200A77F5B /* Resources */ = {
			isa = PBXResourcesBuildPhase;
			buildActionMask = 2147483647;
			files = (
				089C63EE1C97F1B200A77F5B /* LaunchScreen.storyboard in Resources */,
				089C63EB1C97F1B200A77F5B /* Assets.xcassets in Resources */,
				089C63E91C97F1B200A77F5B /* Main.storyboard in Resources */,
			);
			runOnlyForDeploymentPostprocessing = 0;
		};
		089C63F21C97F1B200A77F5B /* Resources */ = {
			isa = PBXResourcesBuildPhase;
			buildActionMask = 2147483647;
			files = (
			);
			runOnlyForDeploymentPostprocessing = 0;
		};
		089C63FD1C97F1B200A77F5B /* Resources */ = {
			isa = PBXResourcesBuildPhase;
			buildActionMask = 2147483647;
			files = (
			);
			runOnlyForDeploymentPostprocessing = 0;
		};
/* End PBXResourcesBuildPhase section */

/* Begin PBXSourcesBuildPhase section */
		089C63DC1C97F1B200A77F5B /* Sources */ = {
			isa = PBXSourcesBuildPhase;
			buildActionMask = 2147483647;
			files = (
				089C63E61C97F1B200A77F5B /* ViewController.swift in Sources */,
				089C63E41C97F1B200A77F5B /* AppDelegate.swift in Sources */,
			);
			runOnlyForDeploymentPostprocessing = 0;
		};
		089C63F01C97F1B200A77F5B /* Sources */ = {
			isa = PBXSourcesBuildPhase;
			buildActionMask = 2147483647;
			files = (
				089C63F91C97F1B200A77F5B /* testTests.swift in Sources */,
			);
			runOnlyForDeploymentPostprocessing = 0;
		};
		089C63FB1C97F1B200A77F5B /* Sources */ = {
			isa = PBXSourcesBuildPhase;
			buildActionMask = 2147483647;
			files = (
				089C64041C97F1B200A77F5B /* testUITests.swift in Sources */,
			);
			runOnlyForDeploymentPostprocessing = 0;
		};
/* End PBXSourcesBuildPhase section */

/* Begin PBXTargetDependency section */
		089C63F61C97F1B200A77F5B /* PBXTargetDependency */ = {
			isa = PBXTargetDependency;
			target = 089C63DF1C97F1B200A77F5B /* test */;
			targetProxy = 089C63F51C97F1B200A77F5B /* PBXContainerItemProxy */;
		};
		089C64011C97F1B200A77F5B /* PBXTargetDependency */ = {
			isa = PBXTargetDependency;
			target = 089C63DF1C97F1B200A77F5B /* test */;
			targetProxy = 089C64001C97F1B200A77F5B /* PBXContainerItemProxy */;
		};
/* End PBXTargetDependency section */

/* Begin PBXVariantGroup section */
		089C63E71C97F1B200A77F5B /* Main.storyboard */ = {
			isa = PBXVariantGroup;
			children = (
				089C63E81C97F1B200A77F5B /* Base */,
			);
			name = Main.storyboard;
			sourceTree = "<group>";
		};
		089C63EC1C97F1B200A77F5B /* LaunchScreen.storyboard */ = {
			isa = PBXVariantGroup;
			children = (
				089C63ED1C97F1B200A77F5B /* Base */,
			);
			name = LaunchScreen.storyboard;
			sourceTree = "<group>";
		};
/* End PBXVariantGroup section */

/* Begin XCBuildConfiguration section */
		089C64061C97F1B200A77F5B /* Debug */ = {
			isa = XCBuildConfiguration;
			buildSettings = {
				ALWAYS_SEARCH_USER_PATHS = NO;
				CLANG_CXX_LANGUAGE_STANDARD = "gnu++0x";
				CLANG_CXX_LIBRARY = "libc++";
				CLANG_ENABLE_MODULES = YES;
				CLANG_ENABLE_OBJC_ARC = YES;
				CLANG_WARN_BOOL_CONVERSION = YES;
				CLANG_WARN_CONSTANT_CONVERSION = YES;
				CLANG_WARN_DIRECT_OBJC_ISA_USAGE = YES_ERROR;
				CLANG_WARN_EMPTY_BODY = YES;
				CLANG_WARN_ENUM_CONVERSION = YES;
				CLANG_WARN_INT_CONVERSION = YES;
				CLANG_WARN_OBJC_ROOT_CLASS = YES_ERROR;
				CLANG_WARN_UNREACHABLE_CODE = YES;
				CLANG_WARN__DUPLICATE_METHOD_MATCH = YES;
				"CODE_SIGN_IDENTITY[sdk=iphoneos*]" = "iPhone Developer";
				COPY_PHASE_STRIP = NO;
				DEBUG_INFORMATION_FORMAT = dwarf;
				ENABLE_STRICT_OBJC_MSGSEND = YES;
				ENABLE_TESTABILITY = YES;
				GCC_C_LANGUAGE_STANDARD = gnu99;
				GCC_DYNAMIC_NO_PIC = NO;
				GCC_NO_COMMON_BLOCKS = YES;
				GCC_OPTIMIZATION_LEVEL = 0;
				GCC_PREPROCESSOR_DEFINITIONS = (
					"DEBUG=1",
					"$(inherited)",
				);
				GCC_WARN_64_TO_32_BIT_CONVERSION = YES;
				GCC_WARN_ABOUT_RETURN_TYPE = YES_ERROR;
				GCC_WARN_UNDECLARED_SELECTOR = YES;
				GCC_WARN_UNINITIALIZED_AUTOS = YES_AGGRESSIVE;
				GCC_WARN_UNUSED_FUNCTION = YES;
				GCC_WARN_UNUSED_VARIABLE = YES;
				IPHONEOS_DEPLOYMENT_TARGET = 9.2;
				MTL_ENABLE_DEBUG_INFO = YES;
				ONLY_ACTIVE_ARCH = YES;
				SDKROOT = iphoneos;
				SWIFT_OPTIMIZATION_LEVEL = "-Onone";
				TARGETED_DEVICE_FAMILY = "1,2";
			};
			name = Debug;
		};
		089C64071C97F1B200A77F5B /* Release */ = {
			isa = XCBuildConfiguration;
			buildSettings = {
				ALWAYS_SEARCH_USER_PATHS = NO;
				CLANG_CXX_LANGUAGE_STANDARD = "gnu++0x";
				CLANG_CXX_LIBRARY = "libc++";
				CLANG_ENABLE_MODULES = YES;
				CLANG_ENABLE_OBJC_ARC = YES;
				CLANG_WARN_BOOL_CONVERSION = YES;
				CLANG_WARN_CONSTANT_CONVERSION = YES;
				CLANG_WARN_DIRECT_OBJC_ISA_USAGE = YES_ERROR;
				CLANG_WARN_EMPTY_BODY = YES;
				CLANG_WARN_ENUM_CONVERSION = YES;
				CLANG_WARN_INT_CONVERSION = YES;
				CLANG_WARN_OBJC_ROOT_CLASS = YES_ERROR;
				CLANG_WARN_UNREACHABLE_CODE = YES;
				CLANG_WARN__DUPLICATE_METHOD_MATCH = YES;
				"CODE_SIGN_IDENTITY[sdk=iphoneos*]" = "iPhone Developer";
				COPY_PHASE_STRIP = NO;
				DEBUG_INFORMATION_FORMAT = "dwarf-with-dsym";
				ENABLE_NS_ASSERTIONS = NO;
				ENABLE_STRICT_OBJC_MSGSEND = YES;
				GCC_C_LANGUAGE_STANDARD = gnu99;
				GCC_NO_COMMON_BLOCKS = YES;
				GCC_WARN_64_TO_32_BIT_CONVERSION = YES;
				GCC_WARN_ABOUT_RETURN_TYPE = YES_ERROR;
				GCC_WARN_UNDECLARED_SELECTOR = YES;
				GCC_WARN_UNINITIALIZED_AUTOS = YES_AGGRESSIVE;
				GCC_WARN_UNUSED_FUNCTION = YES;
				GCC_WARN_UNUSED_VARIABLE = YES;
				IPHONEOS_DEPLOYMENT_TARGET = 9.2;
				MTL_ENABLE_DEBUG_INFO = NO;
				SDKROOT = iphoneos;
				TARGETED_DEVICE_FAMILY = "1,2";
				VALIDATE_PRODUCT = YES;
			};
			name = Release;
		};
		089C64091C97F1B200A77F5B /* Debug */ = {
			isa = XCBuildConfiguration;
			buildSettings = {
				ASSETCATALOG_COMPILER_APPICON_NAME = AppIcon;
				INFOPLIST_FILE = test/Info.plist;
				LD_RUNPATH_SEARCH_PATHS = "$(inherited) @executable_path/Frameworks";
				PRODUCT_BUNDLE_IDENTIFIER = test.test;
				PRODUCT_NAME = "$(TARGET_NAME)";
			};
			name = Debug;
		};
		089C640A1C97F1B200A77F5B /* Release */ = {
			isa = XCBuildConfiguration;
			buildSettings = {
				ASSETCATALOG_COMPILER_APPICON_NAME = AppIcon;
				INFOPLIST_FILE = test/Info.plist;
				LD_RUNPATH_SEARCH_PATHS = "$(inherited) @executable_path/Frameworks";
				PRODUCT_BUNDLE_IDENTIFIER = test.test;
				PRODUCT_NAME = "$(TARGET_NAME)";
			};
			name = Release;
		};
		089C640C1C97F1B200A77F5B /* Debug */ = {
			isa = XCBuildConfiguration;
			buildSettings = {
				BUNDLE_LOADER = "$(TEST_HOST)";
				INFOPLIST_FILE = testTests/Info.plist;
				LD_RUNPATH_SEARCH_PATHS = "$(inherited) @executable_path/Frameworks @loader_path/Frameworks";
				PRODUCT_BUNDLE_IDENTIFIER = test.testTests;
				PRODUCT_NAME = "$(TARGET_NAME)";
				TEST_HOST = "$(BUILT_PRODUCTS_DIR)/test.app/test";
			};
			name = Debug;
		};
		089C640D1C97F1B200A77F5B /* Release */ = {
			isa = XCBuildConfiguration;
			buildSettings = {
				BUNDLE_LOADER = "$(TEST_HOST)";
				INFOPLIST_FILE = testTests/Info.plist;
				LD_RUNPATH_SEARCH_PATHS = "$(inherited) @executable_path/Frameworks @loader_path/Frameworks";
				PRODUCT_BUNDLE_IDENTIFIER = test.testTests;
				PRODUCT_NAME = "$(TARGET_NAME)";
				TEST_HOST = "$(BUILT_PRODUCTS_DIR)/test.app/test";
			};
			name = Release;
		};
		089C640F1C97F1B200A77F5B /* Debug */ = {
			isa = XCBuildConfiguration;
			buildSettings = {
				INFOPLIST_FILE = testUITests/Info.plist;
				LD_RUNPATH_SEARCH_PATHS = "$(inherited) @executable_path/Frameworks @loader_path/Frameworks";
				PRODUCT_BUNDLE_IDENTIFIER = test.testUITests;
				PRODUCT_NAME = "$(TARGET_NAME)";
				TEST_TARGET_NAME = test;
				USES_XCTRUNNER = YES;
			};
			name = Debug;
		};
		089C64101C97F1B200A77F5B /* Release */ = {
			isa = XCBuildConfiguration;
			buildSettings = {
				INFOPLIST_FILE = testUITests/Info.plist;
				LD_RUNPATH_SEARCH_PATHS = "$(inherited) @executable_path/Frameworks @loader_path/Frameworks";
				PRODUCT_BUNDLE_IDENTIFIER = test.testUITests;
				PRODUCT_NAME = "$(TARGET_NAME)";
				TEST_TARGET_NAME = test;
				USES_XCTRUNNER = YES;
			};
			name = Release;
		};
/* End XCBuildConfiguration section */

/* Begin XCConfigurationList section */
		089C63DB1C97F1B200A77F5B /* Build configuration list for PBXProject "test" */ = {
			isa = XCConfigurationList;
			buildConfigurations = (
				089C64061C97F1B200A77F5B /* Debug */,
				089C64071C97F1B200A77F5B /* Release */,
			);
			defaultConfigurationIsVisible = 0;
			defaultConfigurationName = Release;
		};
		089C64081C97F1B200A77F5B /* Build configuration list for PBXNativeTarget "test" */ = {
			isa = XCConfigurationList;
			buildConfigurations = (
				089C64091C97F1B200A77F5B /* Debug */,
				089C640A1C97F1B200A77F5B /* Release */,
			);
			defaultConfigurationIsVisible = 0;
		};
		089C640B1C97F1B200A77F5B /* Build configuration list for PBXNativeTarget "testTests" */ = {
			isa = XCConfigurationList;
			buildConfigurations = (
				089C640C1C97F1B200A77F5B /* Debug */,
				089C640D1C97F1B200A77F5B /* Release */,
			);
			defaultConfigurationIsVisible = 0;
		};
		089C640E1C97F1B200A77F5B /* Build configuration list for PBXNativeTarget "testUITests" */ = {
			isa = XCConfigurationList;
			buildConfigurations = (
				089C640F1C97F1B200A77F5B /* Debug */,
				089C64101C97F1B200A77F5B /* Release */,
			);
			defaultConfigurationIsVisible = 0;
		};
/* End XCConfigurationList section */
	};
	rootObject = 089C63D81C97F1B200A77F5B /* Project object */;
}
