// !$*UTF8*$!
{
	archiveVersion = 1;
	classes = {
	};
	objectVersion = 50;
	objects = {

/* Begin PBXBuildFile section */
		08ECFFD921C076DF00DE1C44 /* AppDelegate.swift in Sources */ = {isa = PBXBuildFile; fileRef = 08ECFFD821C076DF00DE1C44 /* AppDelegate.swift */; };
		08ECFFDB21C076DF00DE1C44 /* ViewController.swift in Sources */ = {isa = PBXBuildFile; fileRef = 08ECFFDA21C076DF00DE1C44 /* ViewController.swift */; };
		08ECFFDE21C076DF00DE1C44 /* Main.storyboard in Resources */ = {isa = PBXBuildFile; fileRef = 08ECFFDC21C076DF00DE1C44 /* Main.storyboard */; };
		08ECFFE021C076E100DE1C44 /* Assets.xcassets in Resources */ = {isa = PBXBuildFile; fileRef = 08ECFFDF21C076E100DE1C44 /* Assets.xcassets */; };
		08ECFFE321C076E100DE1C44 /* LaunchScreen.storyboard in Resources */ = {isa = PBXBuildFile; fileRef = 08ECFFE121C076E100DE1C44 /* LaunchScreen.storyboard */; };
/* End PBXBuildFile section */

/* Begin PBXFileReference section */
		08ECFFD521C076DF00DE1C44 /* DecodableTest.app */ = {isa = PBXFileReference; explicitFileType = wrapper.application; includeInIndex = 0; path = DecodableTest.app; sourceTree = BUILT_PRODUCTS_DIR; };
		08ECFFD821C076DF00DE1C44 /* AppDelegate.swift */ = {isa = PBXFileReference; lastKnownFileType = sourcecode.swift; path = AppDelegate.swift; sourceTree = "<group>"; };
		08ECFFDA21C076DF00DE1C44 /* ViewController.swift */ = {isa = PBXFileReference; lastKnownFileType = sourcecode.swift; path = ViewController.swift; sourceTree = "<group>"; };
		08ECFFDD21C076DF00DE1C44 /* Base */ = {isa = PBXFileReference; lastKnownFileType = file.storyboard; name = Base; path = Base.lproj/Main.storyboard; sourceTree = "<group>"; };
		08ECFFDF21C076E100DE1C44 /* Assets.xcassets */ = {isa = PBXFileReference; lastKnownFileType = folder.assetcatalog; path = Assets.xcassets; sourceTree = "<group>"; };
		08ECFFE221C076E100DE1C44 /* Base */ = {isa = PBXFileReference; lastKnownFileType = file.storyboard; name = Base; path = Base.lproj/LaunchScreen.storyboard; sourceTree = "<group>"; };
		08ECFFE421C076E100DE1C44 /* Info.plist */ = {isa = PBXFileReference; lastKnownFileType = text.plist.xml; path = Info.plist; sourceTree = "<group>"; };
/* End PBXFileReference section */

/* Begin PBXFrameworksBuildPhase section */
		08ECFFD221C076DF00DE1C44 /* Frameworks */ = {
			isa = PBXFrameworksBuildPhase;
			buildActionMask = 2147483647;
			files = (
			);
			runOnlyForDeploymentPostprocessing = 0;
		};
/* End PBXFrameworksBuildPhase section */

/* Begin PBXGroup section */
		08ECFFCC21C076DF00DE1C44 = {
			isa = PBXGroup;
			children = (
				08ECFFD721C076DF00DE1C44 /* DecodableTest */,
				08ECFFD621C076DF00DE1C44 /* Products */,
			);
			sourceTree = "<group>";
		};
		08ECFFD621C076DF00DE1C44 /* Products */ = {
			isa = PBXGroup;
			children = (
				08ECFFD521C076DF00DE1C44 /* DecodableTest.app */,
			);
			name = Products;
			sourceTree = "<group>";
		};
		08ECFFD721C076DF00DE1C44 /* DecodableTest */ = {
			isa = PBXGroup;
			children = (
				08ECFFD821C076DF00DE1C44 /* AppDelegate.swift */,
				08ECFFDA21C076DF00DE1C44 /* ViewController.swift */,
				08ECFFDC21C076DF00DE1C44 /* Main.storyboard */,
				08ECFFDF21C076E100DE1C44 /* Assets.xcassets */,
				08ECFFE121C076E100DE1C44 /* LaunchScreen.storyboard */,
				08ECFFE421C076E100DE1C44 /* Info.plist */,
			);
			path = DecodableTest;
			sourceTree = "<group>";
		};
/* End PBXGroup section */

/* Begin PBXNativeTarget section */
		08ECFFD421C076DF00DE1C44 /* DecodableTest */ = {
			isa = PBXNativeTarget;
			buildConfigurationList = 08ECFFE721C076E100DE1C44 /* Build configuration list for PBXNativeTarget "DecodableTest" */;
			buildPhases = (
				08ECFFD121C076DF00DE1C44 /* Sources */,
				08ECFFD221C076DF00DE1C44 /* Frameworks */,
				08ECFFD321C076DF00DE1C44 /* Resources */,
			);
			buildRules = (
			);
			dependencies = (
			);
			name = DecodableTest;
			productName = DecodableTest;
			productReference = 08ECFFD521C076DF00DE1C44 /* DecodableTest.app */;
			productType = "com.apple.product-type.application";
		};
/* End PBXNativeTarget section */

/* Begin PBXProject section */
		08ECFFCD21C076DF00DE1C44 /* Project object */ = {
			isa = PBXProject;
			attributes = {
				LastSwiftUpdateCheck = 1010;
				LastUpgradeCheck = 1010;
				ORGANIZATIONNAME = anita;
				TargetAttributes = {
					08ECFFD421C076DF00DE1C44 = {
						CreatedOnToolsVersion = 10.1;
					};
				};
			};
			buildConfigurationList = 08ECFFD021C076DF00DE1C44 /* Build configuration list for PBXProject "DecodableTest" */;
			compatibilityVersion = "Xcode 9.3";
			developmentRegion = en;
			hasScannedForEncodings = 0;
			knownRegions = (
				en,
				Base,
			);
			mainGroup = 08ECFFCC21C076DF00DE1C44;
			productRefGroup = 08ECFFD621C076DF00DE1C44 /* Products */;
			projectDirPath = "";
			projectRoot = "";
			targets = (
				08ECFFD421C076DF00DE1C44 /* DecodableTest */,
			);
		};
/* End PBXProject section */

/* Begin PBXResourcesBuildPhase section */
		08ECFFD321C076DF00DE1C44 /* Resources */ = {
			isa = PBXResourcesBuildPhase;
			buildActionMask = 2147483647;
			files = (
				08ECFFE321C076E100DE1C44 /* LaunchScreen.storyboard in Resources */,
				08ECFFE021C076E100DE1C44 /* Assets.xcassets in Resources */,
				08ECFFDE21C076DF00DE1C44 /* Main.storyboard in Resources */,
			);
			runOnlyForDeploymentPostprocessing = 0;
		};
/* End PBXResourcesBuildPhase section */

/* Begin PBXSourcesBuildPhase section */
		08ECFFD121C076DF00DE1C44 /* Sources */ = {
			isa = PBXSourcesBuildPhase;
			buildActionMask = 2147483647;
			files = (
				08ECFFDB21C076DF00DE1C44 /* ViewController.swift in Sources */,
				08ECFFD921C076DF00DE1C44 /* AppDelegate.swift in Sources */,
			);
			runOnlyForDeploymentPostprocessing = 0;
		};
/* End PBXSourcesBuildPhase section */

/* Begin PBXVariantGroup section */
		08ECFFDC21C076DF00DE1C44 /* Main.storyboard */ = {
			isa = PBXVariantGroup;
			children = (
				08ECFFDD21C076DF00DE1C44 /* Base */,
			);
			name = Main.storyboard;
			sourceTree = "<group>";
		};
		08ECFFE121C076E100DE1C44 /* LaunchScreen.storyboard */ = {
			isa = PBXVariantGroup;
			children = (
				08ECFFE221C076E100DE1C44 /* Base */,
			);
			name = LaunchScreen.storyboard;
			sourceTree = "<group>";
		};
/* End PBXVariantGroup section */

/* Begin XCBuildConfiguration section */
		08ECFFE521C076E100DE1C44 /* Debug */ = {
			isa = XCBuildConfiguration;
			buildSettings = {
				ALWAYS_SEARCH_USER_PATHS = NO;
				CLANG_ANALYZER_NONNULL = YES;
				CLANG_ANALYZER_NUMBER_OBJECT_CONVERSION = YES_AGGRESSIVE;
				CLANG_CXX_LANGUAGE_STANDARD = "gnu++14";
				CLANG_CXX_LIBRARY = "libc++";
				CLANG_ENABLE_MODULES = YES;
				CLANG_ENABLE_OBJC_ARC = YES;
				CLANG_ENABLE_OBJC_WEAK = YES;
				CLANG_WARN_BLOCK_CAPTURE_AUTORELEASING = YES;
				CLANG_WARN_BOOL_CONVERSION = YES;
				CLANG_WARN_COMMA = YES;
				CLANG_WARN_CONSTANT_CONVERSION = YES;
				CLANG_WARN_DEPRECATED_OBJC_IMPLEMENTATIONS = YES;
				CLANG_WARN_DIRECT_OBJC_ISA_USAGE = YES_ERROR;
				CLANG_WARN_DOCUMENTATION_COMMENTS = YES;
				CLANG_WARN_EMPTY_BODY = YES;
				CLANG_WARN_ENUM_CONVERSION = YES;
				CLANG_WARN_INFINITE_RECURSION = YES;
				CLANG_WARN_INT_CONVERSION = YES;
				CLANG_WARN_NON_LITERAL_NULL_CONVERSION = YES;
				CLANG_WARN_OBJC_IMPLICIT_RETAIN_SELF = YES;
				CLANG_WARN_OBJC_LITERAL_CONVERSION = YES;
				CLANG_WARN_OBJC_ROOT_CLASS = YES_ERROR;
				CLANG_WARN_RANGE_LOOP_ANALYSIS = YES;
				CLANG_WARN_STRICT_PROTOTYPES = YES;
				CLANG_WARN_SUSPICIOUS_MOVE = YES;
				CLANG_WARN_UNGUARDED_AVAILABILITY = YES_AGGRESSIVE;
				CLANG_WARN_UNREACHABLE_CODE = YES;
				CLANG_WARN__DUPLICATE_METHOD_MATCH = YES;
				CODE_SIGN_IDENTITY = "iPhone Developer";
				COPY_PHASE_STRIP = NO;
				DEBUG_INFORMATION_FORMAT = dwarf;
				ENABLE_STRICT_OBJC_MSGSEND = YES;
				ENABLE_TESTABILITY = YES;
				GCC_C_LANGUAGE_STANDARD = gnu11;
				GCC_DYNAMIC_NO_PIC = NO;
				GCC_NO_COMMON_BLOCKS = YES;
				GCC_OPTIMIZATION_LEVEL = 0;
				GCC_PREPROCESSOR_DEFINITIONS = (
					"DEBUG=1",
					"$(inherited)",
				);
				GCC_WARN_64_TO_32_BIT_CONVERSION = YES;
				GCC_WARN_ABOUT_RETURN_TYPE = YES_ERROR;
				GCC_WARN_UNDECLARED_SELECTOR = YES;
				GCC_WARN_UNINITIALIZED_AUTOS = YES_AGGRESSIVE;
				GCC_WARN_UNUSED_FUNCTION = YES;
				GCC_WARN_UNUSED_VARIABLE = YES;
				IPHONEOS_DEPLOYMENT_TARGET = 12.1;
				MTL_ENABLE_DEBUG_INFO = INCLUDE_SOURCE;
				MTL_FAST_MATH = YES;
				ONLY_ACTIVE_ARCH = YES;
				SDKROOT = iphoneos;
				SWIFT_ACTIVE_COMPILATION_CONDITIONS = DEBUG;
				SWIFT_OPTIMIZATION_LEVEL = "-Onone";
			};
			name = Debug;
		};
		08ECFFE621C076E100DE1C44 /* Release */ = {
			isa = XCBuildConfiguration;
			buildSettings = {
				ALWAYS_SEARCH_USER_PATHS = NO;
				CLANG_ANALYZER_NONNULL = YES;
				CLANG_ANALYZER_NUMBER_OBJECT_CONVERSION = YES_AGGRESSIVE;
				CLANG_CXX_LANGUAGE_STANDARD = "gnu++14";
				CLANG_CXX_LIBRARY = "libc++";
				CLANG_ENABLE_MODULES = YES;
				CLANG_ENABLE_OBJC_ARC = YES;
				CLANG_ENABLE_OBJC_WEAK = YES;
				CLANG_WARN_BLOCK_CAPTURE_AUTORELEASING = YES;
				CLANG_WARN_BOOL_CONVERSION = YES;
				CLANG_WARN_COMMA = YES;
				CLANG_WARN_CONSTANT_CONVERSION = YES;
				CLANG_WARN_DEPRECATED_OBJC_IMPLEMENTATIONS = YES;
				CLANG_WARN_DIRECT_OBJC_ISA_USAGE = YES_ERROR;
				CLANG_WARN_DOCUMENTATION_COMMENTS = YES;
				CLANG_WARN_EMPTY_BODY = YES;
				CLANG_WARN_ENUM_CONVERSION = YES;
				CLANG_WARN_INFINITE_RECURSION = YES;
				CLANG_WARN_INT_CONVERSION = YES;
				CLANG_WARN_NON_LITERAL_NULL_CONVERSION = YES;
				CLANG_WARN_OBJC_IMPLICIT_RETAIN_SELF = YES;
				CLANG_WARN_OBJC_LITERAL_CONVERSION = YES;
				CLANG_WARN_OBJC_ROOT_CLASS = YES_ERROR;
				CLANG_WARN_RANGE_LOOP_ANALYSIS = YES;
				CLANG_WARN_STRICT_PROTOTYPES = YES;
				CLANG_WARN_SUSPICIOUS_MOVE = YES;
				CLANG_WARN_UNGUARDED_AVAILABILITY = YES_AGGRESSIVE;
				CLANG_WARN_UNREACHABLE_CODE = YES;
				CLANG_WARN__DUPLICATE_METHOD_MATCH = YES;
				CODE_SIGN_IDENTITY = "iPhone Developer";
				COPY_PHASE_STRIP = NO;
				DEBUG_INFORMATION_FORMAT = "dwarf-with-dsym";
				ENABLE_NS_ASSERTIONS = NO;
				ENABLE_STRICT_OBJC_MSGSEND = YES;
				GCC_C_LANGUAGE_STANDARD = gnu11;
				GCC_NO_COMMON_BLOCKS = YES;
				GCC_WARN_64_TO_32_BIT_CONVERSION = YES;
				GCC_WARN_ABOUT_RETURN_TYPE = YES_ERROR;
				GCC_WARN_UNDECLARED_SELECTOR = YES;
				GCC_WARN_UNINITIALIZED_AUTOS = YES_AGGRESSIVE;
				GCC_WARN_UNUSED_FUNCTION = YES;
				GCC_WARN_UNUSED_VARIABLE = YES;
				IPHONEOS_DEPLOYMENT_TARGET = 12.1;
				MTL_ENABLE_DEBUG_INFO = NO;
				MTL_FAST_MATH = YES;
				SDKROOT = iphoneos;
				SWIFT_COMPILATION_MODE = wholemodule;
				SWIFT_OPTIMIZATION_LEVEL = "-O";
				VALIDATE_PRODUCT = YES;
			};
			name = Release;
		};
		08ECFFE821C076E100DE1C44 /* Debug */ = {
			isa = XCBuildConfiguration;
			buildSettings = {
				ASSETCATALOG_COMPILER_APPICON_NAME = AppIcon;
				CODE_SIGN_STYLE = Automatic;
				DEVELOPMENT_TEAM = 894VF5SK6S;
				INFOPLIST_FILE = DecodableTest/Info.plist;
				LD_RUNPATH_SEARCH_PATHS = (
					"$(inherited)",
					"@executable_path/Frameworks",
				);
				PRODUCT_BUNDLE_IDENTIFIER = test.DecodableTest;
				PRODUCT_NAME = "$(TARGET_NAME)";
				SWIFT_VERSION = 4.2;
				TARGETED_DEVICE_FAMILY = "1,2";
			};
			name = Debug;
		};
		08ECFFE921C076E100DE1C44 /* Release */ = {
			isa = XCBuildConfiguration;
			buildSettings = {
				ASSETCATALOG_COMPILER_APPICON_NAME = AppIcon;
				CODE_SIGN_STYLE = Automatic;
				DEVELOPMENT_TEAM = 894VF5SK6S;
				INFOPLIST_FILE = DecodableTest/Info.plist;
				LD_RUNPATH_SEARCH_PATHS = (
					"$(inherited)",
					"@executable_path/Frameworks",
				);
				PRODUCT_BUNDLE_IDENTIFIER = test.DecodableTest;
				PRODUCT_NAME = "$(TARGET_NAME)";
				SWIFT_VERSION = 4.2;
				TARGETED_DEVICE_FAMILY = "1,2";
			};
			name = Release;
		};
/* End XCBuildConfiguration section */

/* Begin XCConfigurationList section */
		08ECFFD021C076DF00DE1C44 /* Build configuration list for PBXProject "DecodableTest" */ = {
			isa = XCConfigurationList;
			buildConfigurations = (
				08ECFFE521C076E100DE1C44 /* Debug */,
				08ECFFE621C076E100DE1C44 /* Release */,
			);
			defaultConfigurationIsVisible = 0;
			defaultConfigurationName = Release;
		};
		08ECFFE721C076E100DE1C44 /* Build configuration list for PBXNativeTarget "DecodableTest" */ = {
			isa = XCConfigurationList;
			buildConfigurations = (
				08ECFFE821C076E100DE1C44 /* Debug */,
				08ECFFE921C076E100DE1C44 /* Release */,
			);
			defaultConfigurationIsVisible = 0;
			defaultConfigurationName = Release;
		};
/* End XCConfigurationList section */
	};
	rootObject = 08ECFFCD21C076DF00DE1C44 /* Project object */;
}
